// !$*UTF8*$!
{
	archiveVersion = 1;
	classes = {
	};
	objectVersion = 46;
	objects = {

/* Begin PBXBuildFile section */
		22031CDC162E04780093E61E /* MTType.h in Headers */ = {isa = PBXBuildFile; fileRef = 22031CDA162E04780093E61E /* MTType.h */; };
		22031CDD162E04780093E61E /* MTType.m in Sources */ = {isa = PBXBuildFile; fileRef = 22031CDB162E04780093E61E /* MTType.m */; };
		22031D44162F3ADA0093E61E /* MTObjectMarshaller.h in Headers */ = {isa = PBXBuildFile; fileRef = 22031D42162F3ADA0093E61E /* MTObjectMarshaller.h */; };
		22031D45162F3ADA0093E61E /* MTObjectMarshaller.m in Sources */ = {isa = PBXBuildFile; fileRef = 22031D43162F3ADA0093E61E /* MTObjectMarshaller.m */; };
		22031D881630CB500093E61E /* MTValidationException.h in Headers */ = {isa = PBXBuildFile; fileRef = 22031D861630CB4E0093E61E /* MTValidationException.h */; };
		22031D891630CB500093E61E /* MTValidationException.m in Sources */ = {isa = PBXBuildFile; fileRef = 22031D871630CB4F0093E61E /* MTValidationException.m */; };
		22031DC41631D8850093E61E /* MTMutablePage.h in Headers */ = {isa = PBXBuildFile; fileRef = 22031DC21631D8840093E61E /* MTMutablePage.h */; };
		22031DC51631D8850093E61E /* MTMutablePage.m in Sources */ = {isa = PBXBuildFile; fileRef = 22031DC31631D8850093E61E /* MTMutablePage.m */; };
		22031DC81631D9930093E61E /* MTMutablePageRef.h in Headers */ = {isa = PBXBuildFile; fileRef = 22031DC61631D9920093E61E /* MTMutablePageRef.h */; };
		22031DC91631D9930093E61E /* MTMutablePageRef.m in Sources */ = {isa = PBXBuildFile; fileRef = 22031DC71631D9920093E61E /* MTMutablePageRef.m */; };
		22031DCC1631D9EE0093E61E /* MTMutableTome.h in Headers */ = {isa = PBXBuildFile; fileRef = 22031DCA1631D9ED0093E61E /* MTMutableTome.h */; };
		22031DCD1631D9EE0093E61E /* MTMutableTome.m in Sources */ = {isa = PBXBuildFile; fileRef = 22031DCB1631D9EE0093E61E /* MTMutableTome.m */; };
		22031F0B163719620093E61E /* MTLoadTask.h in Headers */ = {isa = PBXBuildFile; fileRef = 22031F09163719620093E61E /* MTLoadTask.h */; };
		22031F0D163719620093E61E /* MTLoadTask.m in Sources */ = {isa = PBXBuildFile; fileRef = 22031F0A163719620093E61E /* MTLoadTask.m */; };
		22031F111637263B0093E61E /* MTLibrary+Internal.h in Headers */ = {isa = PBXBuildFile; fileRef = 22031F0F1637263B0093E61E /* MTLibrary+Internal.h */; };
		22031F31163733150093E61E /* MTPrimitiveMarshaller.h in Headers */ = {isa = PBXBuildFile; fileRef = 22031F2F163733130093E61E /* MTPrimitiveMarshaller.h */; };
		22031F32163733150093E61E /* MTPrimitiveMarshaller.m in Sources */ = {isa = PBXBuildFile; fileRef = 22031F30163733140093E61E /* MTPrimitiveMarshaller.m */; };
		22031F7816373D3A0093E61E /* MTDataElement.h in Headers */ = {isa = PBXBuildFile; fileRef = 22031F7616373D390093E61E /* MTDataElement.h */; };
		22031F7916373D3A0093E61E /* MTDataElement.m in Sources */ = {isa = PBXBuildFile; fileRef = 22031F7716373D390093E61E /* MTDataElement.m */; };
		22031F8516374B7E0093E61E /* GDataXMLElement+MTExtensions.h in Headers */ = {isa = PBXBuildFile; fileRef = 22031F8316374B7E0093E61E /* GDataXMLElement+MTExtensions.h */; };
		22031F9A163763DD0093E61E /* MTXmlLibrary.h in Headers */ = {isa = PBXBuildFile; fileRef = 22031F98163763DD0093E61E /* MTXmlLibrary.h */; };
		22031F9E16376A800093E61E /* GDataXMLNode.h in Headers */ = {isa = PBXBuildFile; fileRef = 22031F9C16376A800093E61E /* GDataXMLNode.h */; };
		221A685116376BE0008B4AD2 /* MTProp.m in Sources */ = {isa = PBXBuildFile; fileRef = 22E43A6E1559B847003A43B8 /* MTProp.m */; };
		221A685216376BE0008B4AD2 /* MTLibrary.m in Sources */ = {isa = PBXBuildFile; fileRef = 221B2F58161CDE60001B98AA /* MTLibrary.m */; };
		221A685316376BE0008B4AD2 /* MTLoadException.m in Sources */ = {isa = PBXBuildFile; fileRef = 221B2F7A161CE727001B98AA /* MTLoadException.m */; };
		221A685416376BE0008B4AD2 /* MTUtils.m in Sources */ = {isa = PBXBuildFile; fileRef = 221B303B161E585F001B98AA /* MTUtils.m */; };
		221A685516376BE0008B4AD2 /* MTType.m in Sources */ = {isa = PBXBuildFile; fileRef = 22031CDB162E04780093E61E /* MTType.m */; };
		221A685616376BE0008B4AD2 /* MTObjectMarshaller.m in Sources */ = {isa = PBXBuildFile; fileRef = 22031D43162F3ADA0093E61E /* MTObjectMarshaller.m */; };
		221A685716376BE0008B4AD2 /* MTValidationException.m in Sources */ = {isa = PBXBuildFile; fileRef = 22031D871630CB4F0093E61E /* MTValidationException.m */; };
		221A685816376BE0008B4AD2 /* MTMutablePage.m in Sources */ = {isa = PBXBuildFile; fileRef = 22031DC31631D8850093E61E /* MTMutablePage.m */; };
		221A685916376BE0008B4AD2 /* MTMutablePageRef.m in Sources */ = {isa = PBXBuildFile; fileRef = 22031DC71631D9920093E61E /* MTMutablePageRef.m */; };
		221A685A16376BE0008B4AD2 /* MTMutableTome.m in Sources */ = {isa = PBXBuildFile; fileRef = 22031DCB1631D9EE0093E61E /* MTMutableTome.m */; };
		221A685B16376BE0008B4AD2 /* MTLoadTask.m in Sources */ = {isa = PBXBuildFile; fileRef = 22031F0A163719620093E61E /* MTLoadTask.m */; };
		221A685C16376BE0008B4AD2 /* MTPrimitiveMarshaller.m in Sources */ = {isa = PBXBuildFile; fileRef = 22031F30163733140093E61E /* MTPrimitiveMarshaller.m */; };
		221A685D16376BE0008B4AD2 /* MTDataElement.m in Sources */ = {isa = PBXBuildFile; fileRef = 22031F7716373D390093E61E /* MTDataElement.m */; };
		221A685E16376BE0008B4AD2 /* GDataXMLElement+MTExtensions.m in Sources */ = {isa = PBXBuildFile; fileRef = 22031F8416374B7E0093E61E /* GDataXMLElement+MTExtensions.m */; };
		221A685F16376BE0008B4AD2 /* MTXmlLibrary.m in Sources */ = {isa = PBXBuildFile; fileRef = 22031F99163763DD0093E61E /* MTXmlLibrary.m */; };
		221A686216376BE0008B4AD2 /* Foundation.framework in Frameworks */ = {isa = PBXBuildFile; fileRef = 225041CB1558ACB50014FA5D /* Foundation.framework */; };
		221A686416376BE0008B4AD2 /* microtome.h in Headers */ = {isa = PBXBuildFile; fileRef = 225041F71558AD200014FA5D /* microtome.h */; };
		221A686516376BE0008B4AD2 /* MTPage.h in Headers */ = {isa = PBXBuildFile; fileRef = 221B2F42161CD0D1001B98AA /* MTPage.h */; };
		221A686616376BE0008B4AD2 /* MTTome.h in Headers */ = {isa = PBXBuildFile; fileRef = 221B2F4A161CD668001B98AA /* MTTome.h */; };
		221A686716376BE0008B4AD2 /* MTLibrary.h in Headers */ = {isa = PBXBuildFile; fileRef = 221B2F57161CDE60001B98AA /* MTLibrary.h */; };
		221A686816376BE0008B4AD2 /* MTLoadException.h in Headers */ = {isa = PBXBuildFile; fileRef = 221B2F79161CE727001B98AA /* MTLoadException.h */; };
		221A686916376BE0008B4AD2 /* MTPageRef.h in Headers */ = {isa = PBXBuildFile; fileRef = 221B2FF7161E0CE5001B98AA /* MTPageRef.h */; };
		221A686A16376BE0008B4AD2 /* MTUtils.h in Headers */ = {isa = PBXBuildFile; fileRef = 221B303A161E585E001B98AA /* MTUtils.h */; };
		221A686B16376BE0008B4AD2 /* MTType.h in Headers */ = {isa = PBXBuildFile; fileRef = 22031CDA162E04780093E61E /* MTType.h */; };
		221A686C16376BE0008B4AD2 /* MTObjectMarshaller.h in Headers */ = {isa = PBXBuildFile; fileRef = 22031D42162F3ADA0093E61E /* MTObjectMarshaller.h */; };
		221A686D16376BE0008B4AD2 /* MTValidationException.h in Headers */ = {isa = PBXBuildFile; fileRef = 22031D861630CB4E0093E61E /* MTValidationException.h */; };
		221A686E16376BE0008B4AD2 /* MTMutablePage.h in Headers */ = {isa = PBXBuildFile; fileRef = 22031DC21631D8840093E61E /* MTMutablePage.h */; };
		221A686F16376BE0008B4AD2 /* MTMutablePageRef.h in Headers */ = {isa = PBXBuildFile; fileRef = 22031DC61631D9920093E61E /* MTMutablePageRef.h */; };
		221A687016376BE0008B4AD2 /* MTMutableTome.h in Headers */ = {isa = PBXBuildFile; fileRef = 22031DCA1631D9ED0093E61E /* MTMutableTome.h */; };
		221A687116376BE0008B4AD2 /* MTLoadTask.h in Headers */ = {isa = PBXBuildFile; fileRef = 22031F09163719620093E61E /* MTLoadTask.h */; };
		221A687216376BE0008B4AD2 /* MTLibrary+Internal.h in Headers */ = {isa = PBXBuildFile; fileRef = 22031F0F1637263B0093E61E /* MTLibrary+Internal.h */; };
		221A687316376BE0008B4AD2 /* MTPrimitiveMarshaller.h in Headers */ = {isa = PBXBuildFile; fileRef = 22031F2F163733130093E61E /* MTPrimitiveMarshaller.h */; };
		221A687416376BE0008B4AD2 /* MTDataElement.h in Headers */ = {isa = PBXBuildFile; fileRef = 22031F7616373D390093E61E /* MTDataElement.h */; };
		221A687516376BE0008B4AD2 /* GDataXMLElement+MTExtensions.h in Headers */ = {isa = PBXBuildFile; fileRef = 22031F8316374B7E0093E61E /* GDataXMLElement+MTExtensions.h */; };
		221A687616376BE0008B4AD2 /* MTXmlLibrary.h in Headers */ = {isa = PBXBuildFile; fileRef = 22031F98163763DD0093E61E /* MTXmlLibrary.h */; };
		221A687716376BE0008B4AD2 /* GDataXMLNode.h in Headers */ = {isa = PBXBuildFile; fileRef = 22031F9C16376A800093E61E /* GDataXMLNode.h */; };
		221A687F16376C90008B4AD2 /* libmicrotome-include-gdataxml.a in Frameworks */ = {isa = PBXBuildFile; fileRef = 221A687B16376BE0008B4AD2 /* libmicrotome-include-gdataxml.a */; };
		221A68F416388EA9008B4AD2 /* MTProp.m in Sources */ = {isa = PBXBuildFile; fileRef = 22E43A6E1559B847003A43B8 /* MTProp.m */; };
		221A68F516388EA9008B4AD2 /* MTLibrary.m in Sources */ = {isa = PBXBuildFile; fileRef = 221B2F58161CDE60001B98AA /* MTLibrary.m */; };
		221A68F616388EA9008B4AD2 /* MTLoadException.m in Sources */ = {isa = PBXBuildFile; fileRef = 221B2F7A161CE727001B98AA /* MTLoadException.m */; };
		221A68F716388EA9008B4AD2 /* MTUtils.m in Sources */ = {isa = PBXBuildFile; fileRef = 221B303B161E585F001B98AA /* MTUtils.m */; };
		221A68F816388EA9008B4AD2 /* MTType.m in Sources */ = {isa = PBXBuildFile; fileRef = 22031CDB162E04780093E61E /* MTType.m */; };
		221A68F916388EA9008B4AD2 /* MTObjectMarshaller.m in Sources */ = {isa = PBXBuildFile; fileRef = 22031D43162F3ADA0093E61E /* MTObjectMarshaller.m */; };
		221A68FA16388EA9008B4AD2 /* MTValidationException.m in Sources */ = {isa = PBXBuildFile; fileRef = 22031D871630CB4F0093E61E /* MTValidationException.m */; };
		221A68FB16388EA9008B4AD2 /* MTMutablePage.m in Sources */ = {isa = PBXBuildFile; fileRef = 22031DC31631D8850093E61E /* MTMutablePage.m */; };
		221A68FC16388EA9008B4AD2 /* MTMutablePageRef.m in Sources */ = {isa = PBXBuildFile; fileRef = 22031DC71631D9920093E61E /* MTMutablePageRef.m */; };
		221A68FD16388EA9008B4AD2 /* MTMutableTome.m in Sources */ = {isa = PBXBuildFile; fileRef = 22031DCB1631D9EE0093E61E /* MTMutableTome.m */; };
		221A68FE16388EA9008B4AD2 /* MTLoadTask.m in Sources */ = {isa = PBXBuildFile; fileRef = 22031F0A163719620093E61E /* MTLoadTask.m */; };
		221A68FF16388EA9008B4AD2 /* MTPrimitiveMarshaller.m in Sources */ = {isa = PBXBuildFile; fileRef = 22031F30163733140093E61E /* MTPrimitiveMarshaller.m */; };
		221A690016388EA9008B4AD2 /* MTDataElement.m in Sources */ = {isa = PBXBuildFile; fileRef = 22031F7716373D390093E61E /* MTDataElement.m */; };
		221A690116388EA9008B4AD2 /* GDataXMLElement+MTExtensions.m in Sources */ = {isa = PBXBuildFile; fileRef = 22031F8416374B7E0093E61E /* GDataXMLElement+MTExtensions.m */; };
		221A690216388EA9008B4AD2 /* MTXmlLibrary.m in Sources */ = {isa = PBXBuildFile; fileRef = 22031F99163763DD0093E61E /* MTXmlLibrary.m */; };
		221A690516388EA9008B4AD2 /* Foundation.framework in Frameworks */ = {isa = PBXBuildFile; fileRef = 225041CB1558ACB50014FA5D /* Foundation.framework */; };
		221A690716388EA9008B4AD2 /* microtome.h in Headers */ = {isa = PBXBuildFile; fileRef = 225041F71558AD200014FA5D /* microtome.h */; };
		221A690816388EA9008B4AD2 /* MTPage.h in Headers */ = {isa = PBXBuildFile; fileRef = 221B2F42161CD0D1001B98AA /* MTPage.h */; };
		221A690916388EA9008B4AD2 /* MTTome.h in Headers */ = {isa = PBXBuildFile; fileRef = 221B2F4A161CD668001B98AA /* MTTome.h */; };
		221A690A16388EA9008B4AD2 /* MTLibrary.h in Headers */ = {isa = PBXBuildFile; fileRef = 221B2F57161CDE60001B98AA /* MTLibrary.h */; };
		221A690B16388EA9008B4AD2 /* MTLoadException.h in Headers */ = {isa = PBXBuildFile; fileRef = 221B2F79161CE727001B98AA /* MTLoadException.h */; };
		221A690C16388EA9008B4AD2 /* MTPageRef.h in Headers */ = {isa = PBXBuildFile; fileRef = 221B2FF7161E0CE5001B98AA /* MTPageRef.h */; };
		221A690D16388EA9008B4AD2 /* MTUtils.h in Headers */ = {isa = PBXBuildFile; fileRef = 221B303A161E585E001B98AA /* MTUtils.h */; };
		221A690E16388EA9008B4AD2 /* MTType.h in Headers */ = {isa = PBXBuildFile; fileRef = 22031CDA162E04780093E61E /* MTType.h */; };
		221A690F16388EA9008B4AD2 /* MTObjectMarshaller.h in Headers */ = {isa = PBXBuildFile; fileRef = 22031D42162F3ADA0093E61E /* MTObjectMarshaller.h */; };
		221A691016388EA9008B4AD2 /* MTValidationException.h in Headers */ = {isa = PBXBuildFile; fileRef = 22031D861630CB4E0093E61E /* MTValidationException.h */; };
		221A691116388EA9008B4AD2 /* MTMutablePage.h in Headers */ = {isa = PBXBuildFile; fileRef = 22031DC21631D8840093E61E /* MTMutablePage.h */; };
		221A691216388EA9008B4AD2 /* MTMutablePageRef.h in Headers */ = {isa = PBXBuildFile; fileRef = 22031DC61631D9920093E61E /* MTMutablePageRef.h */; };
		221A691316388EA9008B4AD2 /* MTMutableTome.h in Headers */ = {isa = PBXBuildFile; fileRef = 22031DCA1631D9ED0093E61E /* MTMutableTome.h */; };
		221A691416388EA9008B4AD2 /* MTLoadTask.h in Headers */ = {isa = PBXBuildFile; fileRef = 22031F09163719620093E61E /* MTLoadTask.h */; };
		221A691516388EA9008B4AD2 /* MTLibrary+Internal.h in Headers */ = {isa = PBXBuildFile; fileRef = 22031F0F1637263B0093E61E /* MTLibrary+Internal.h */; };
		221A691616388EA9008B4AD2 /* MTPrimitiveMarshaller.h in Headers */ = {isa = PBXBuildFile; fileRef = 22031F2F163733130093E61E /* MTPrimitiveMarshaller.h */; };
		221A691716388EA9008B4AD2 /* MTDataElement.h in Headers */ = {isa = PBXBuildFile; fileRef = 22031F7616373D390093E61E /* MTDataElement.h */; };
		221A691816388EA9008B4AD2 /* GDataXMLElement+MTExtensions.h in Headers */ = {isa = PBXBuildFile; fileRef = 22031F8316374B7E0093E61E /* GDataXMLElement+MTExtensions.h */; };
		221A691916388EA9008B4AD2 /* MTXmlLibrary.h in Headers */ = {isa = PBXBuildFile; fileRef = 22031F98163763DD0093E61E /* MTXmlLibrary.h */; };
		221A691A16388EA9008B4AD2 /* GDataXMLNode.h in Headers */ = {isa = PBXBuildFile; fileRef = 22031F9C16376A800093E61E /* GDataXMLNode.h */; };
		221A691F16388F18008B4AD2 /* GDataXMLNode.m in Sources */ = {isa = PBXBuildFile; fileRef = 22031F9D16376A800093E61E /* GDataXMLNode.m */; settings = {COMPILER_FLAGS = "-fno-objc-arc"; }; };
		221B2F44161CD0D1001B98AA /* MTPage.h in Headers */ = {isa = PBXBuildFile; fileRef = 221B2F42161CD0D1001B98AA /* MTPage.h */; };
		221B2F4C161CD668001B98AA /* MTTome.h in Headers */ = {isa = PBXBuildFile; fileRef = 221B2F4A161CD668001B98AA /* MTTome.h */; };
		221B2F59161CDE60001B98AA /* MTLibrary.h in Headers */ = {isa = PBXBuildFile; fileRef = 221B2F57161CDE60001B98AA /* MTLibrary.h */; };
		221B2F5A161CDE60001B98AA /* MTLibrary.m in Sources */ = {isa = PBXBuildFile; fileRef = 221B2F58161CDE60001B98AA /* MTLibrary.m */; };
		221B2F7B161CE728001B98AA /* MTLoadException.h in Headers */ = {isa = PBXBuildFile; fileRef = 221B2F79161CE727001B98AA /* MTLoadException.h */; };
		221B2F7C161CE728001B98AA /* MTLoadException.m in Sources */ = {isa = PBXBuildFile; fileRef = 221B2F7A161CE727001B98AA /* MTLoadException.m */; };
		221B2FD1161D0AE8001B98AA /* PrimitivePage.m in Sources */ = {isa = PBXBuildFile; fileRef = 221B2FD0161D0AE8001B98AA /* PrimitivePage.m */; };
		221B2FF9161E0CE6001B98AA /* MTPageRef.h in Headers */ = {isa = PBXBuildFile; fileRef = 221B2FF7161E0CE5001B98AA /* MTPageRef.h */; };
		221B303C161E5860001B98AA /* MTUtils.h in Headers */ = {isa = PBXBuildFile; fileRef = 221B303A161E585E001B98AA /* MTUtils.h */; };
		221B303D161E5860001B98AA /* MTUtils.m in Sources */ = {isa = PBXBuildFile; fileRef = 221B303B161E585F001B98AA /* MTUtils.m */; };
		221B3045161E61F3001B98AA /* NestedPage.m in Sources */ = {isa = PBXBuildFile; fileRef = 221B3044161E61F3001B98AA /* NestedPage.m */; };
		225041CC1558ACB50014FA5D /* Foundation.framework in Frameworks */ = {isa = PBXBuildFile; fileRef = 225041CB1558ACB50014FA5D /* Foundation.framework */; };
		225041DA1558ACB50014FA5D /* SenTestingKit.framework in Frameworks */ = {isa = PBXBuildFile; fileRef = 225041D91558ACB50014FA5D /* SenTestingKit.framework */; };
		225041DC1558ACB50014FA5D /* UIKit.framework in Frameworks */ = {isa = PBXBuildFile; fileRef = 225041DB1558ACB50014FA5D /* UIKit.framework */; };
		225041DD1558ACB50014FA5D /* Foundation.framework in Frameworks */ = {isa = PBXBuildFile; fileRef = 225041CB1558ACB50014FA5D /* Foundation.framework */; };
		225041E61558ACB50014FA5D /* InfoPlist.strings in Resources */ = {isa = PBXBuildFile; fileRef = 225041E41558ACB50014FA5D /* InfoPlist.strings */; };
		225041E91558ACB50014FA5D /* microtomeTests.m in Sources */ = {isa = PBXBuildFile; fileRef = 225041E81558ACB50014FA5D /* microtomeTests.m */; };
		225041F81558AD200014FA5D /* microtome.h in Headers */ = {isa = PBXBuildFile; fileRef = 225041F71558AD200014FA5D /* microtome.h */; };
		226BAA41161F946900133173 /* RefPage.m in Sources */ = {isa = PBXBuildFile; fileRef = 226BAA40161F946900133173 /* RefPage.m */; };
		229031F1163A1D5D0006344E /* PrimitiveTest.xml in Resources */ = {isa = PBXBuildFile; fileRef = 229031ED163A1D5D0006344E /* PrimitiveTest.xml */; };
		229031F2163A1D5D0006344E /* RefTest.xml in Resources */ = {isa = PBXBuildFile; fileRef = 229031EE163A1D5D0006344E /* RefTest.xml */; };
		229031F3163A1D5D0006344E /* TemplateTest.xml in Resources */ = {isa = PBXBuildFile; fileRef = 229031EF163A1D5D0006344E /* TemplateTest.xml */; };
		229031F4163A1D5D0006344E /* TomeTest.xml in Resources */ = {isa = PBXBuildFile; fileRef = 229031F0163A1D5D0006344E /* TomeTest.xml */; };
		229031F7163A29680006344E /* NestedTest.xml in Resources */ = {isa = PBXBuildFile; fileRef = 229031F6163A29680006344E /* NestedTest.xml */; };
		22E43A701559B847003A43B8 /* MTProp.m in Sources */ = {isa = PBXBuildFile; fileRef = 22E43A6E1559B847003A43B8 /* MTProp.m */; };
/* End PBXBuildFile section */

/* Begin PBXContainerItemProxy section */
		221A687D16376C6F008B4AD2 /* PBXContainerItemProxy */ = {
			isa = PBXContainerItemProxy;
			containerPortal = 225041BF1558ACB50014FA5D /* Project object */;
			proxyType = 1;
			remoteGlobalIDString = 221A684F16376BE0008B4AD2;
			remoteInfo = "microtome-gdataxml";
		};
/* End PBXContainerItemProxy section */

/* Begin PBXFileReference section */
		22031CDA162E04780093E61E /* MTType.h */ = {isa = PBXFileReference; fileEncoding = 4; lastKnownFileType = sourcecode.c.h; path = MTType.h; sourceTree = "<group>"; };
		22031CDB162E04780093E61E /* MTType.m */ = {isa = PBXFileReference; fileEncoding = 4; lastKnownFileType = sourcecode.c.objc; path = MTType.m; sourceTree = "<group>"; };
		22031D42162F3ADA0093E61E /* MTObjectMarshaller.h */ = {isa = PBXFileReference; fileEncoding = 4; lastKnownFileType = sourcecode.c.h; path = MTObjectMarshaller.h; sourceTree = "<group>"; };
		22031D43162F3ADA0093E61E /* MTObjectMarshaller.m */ = {isa = PBXFileReference; fileEncoding = 4; lastKnownFileType = sourcecode.c.objc; path = MTObjectMarshaller.m; sourceTree = "<group>"; };
		22031D53162F8AAD0093E61E /* MTLibraryItem.h */ = {isa = PBXFileReference; lastKnownFileType = sourcecode.c.h; path = MTLibraryItem.h; sourceTree = "<group>"; };
		22031D861630CB4E0093E61E /* MTValidationException.h */ = {isa = PBXFileReference; fileEncoding = 4; lastKnownFileType = sourcecode.c.h; path = MTValidationException.h; sourceTree = "<group>"; };
		22031D871630CB4F0093E61E /* MTValidationException.m */ = {isa = PBXFileReference; fileEncoding = 4; lastKnownFileType = sourcecode.c.objc; path = MTValidationException.m; sourceTree = "<group>"; };
		22031DC21631D8840093E61E /* MTMutablePage.h */ = {isa = PBXFileReference; fileEncoding = 4; lastKnownFileType = sourcecode.c.h; path = MTMutablePage.h; sourceTree = "<group>"; };
		22031DC31631D8850093E61E /* MTMutablePage.m */ = {isa = PBXFileReference; fileEncoding = 4; lastKnownFileType = sourcecode.c.objc; path = MTMutablePage.m; sourceTree = "<group>"; };
		22031DC61631D9920093E61E /* MTMutablePageRef.h */ = {isa = PBXFileReference; fileEncoding = 4; lastKnownFileType = sourcecode.c.h; path = MTMutablePageRef.h; sourceTree = "<group>"; };
		22031DC71631D9920093E61E /* MTMutablePageRef.m */ = {isa = PBXFileReference; fileEncoding = 4; lastKnownFileType = sourcecode.c.objc; path = MTMutablePageRef.m; sourceTree = "<group>"; };
		22031DCA1631D9ED0093E61E /* MTMutableTome.h */ = {isa = PBXFileReference; fileEncoding = 4; lastKnownFileType = sourcecode.c.h; path = MTMutableTome.h; sourceTree = "<group>"; };
		22031DCB1631D9EE0093E61E /* MTMutableTome.m */ = {isa = PBXFileReference; fileEncoding = 4; lastKnownFileType = sourcecode.c.objc; path = MTMutableTome.m; sourceTree = "<group>"; };
		22031F09163719620093E61E /* MTLoadTask.h */ = {isa = PBXFileReference; fileEncoding = 4; lastKnownFileType = sourcecode.c.h; path = MTLoadTask.h; sourceTree = "<group>"; };
		22031F0A163719620093E61E /* MTLoadTask.m */ = {isa = PBXFileReference; fileEncoding = 4; lastKnownFileType = sourcecode.c.objc; path = MTLoadTask.m; sourceTree = "<group>"; };
		22031F0F1637263B0093E61E /* MTLibrary+Internal.h */ = {isa = PBXFileReference; fileEncoding = 4; lastKnownFileType = sourcecode.c.h; path = "MTLibrary+Internal.h"; sourceTree = "<group>"; };
		22031F2F163733130093E61E /* MTPrimitiveMarshaller.h */ = {isa = PBXFileReference; fileEncoding = 4; lastKnownFileType = sourcecode.c.h; path = MTPrimitiveMarshaller.h; sourceTree = "<group>"; };
		22031F30163733140093E61E /* MTPrimitiveMarshaller.m */ = {isa = PBXFileReference; fileEncoding = 4; lastKnownFileType = sourcecode.c.objc; path = MTPrimitiveMarshaller.m; sourceTree = "<group>"; };
		22031F7616373D390093E61E /* MTDataElement.h */ = {isa = PBXFileReference; fileEncoding = 4; lastKnownFileType = sourcecode.c.h; path = MTDataElement.h; sourceTree = "<group>"; };
		22031F7716373D390093E61E /* MTDataElement.m */ = {isa = PBXFileReference; fileEncoding = 4; lastKnownFileType = sourcecode.c.objc; path = MTDataElement.m; sourceTree = "<group>"; };
		22031F8316374B7E0093E61E /* GDataXMLElement+MTExtensions.h */ = {isa = PBXFileReference; fileEncoding = 4; lastKnownFileType = sourcecode.c.h; path = "GDataXMLElement+MTExtensions.h"; sourceTree = "<group>"; };
		22031F8416374B7E0093E61E /* GDataXMLElement+MTExtensions.m */ = {isa = PBXFileReference; fileEncoding = 4; lastKnownFileType = sourcecode.c.objc; path = "GDataXMLElement+MTExtensions.m"; sourceTree = "<group>"; };
		22031F98163763DD0093E61E /* MTXmlLibrary.h */ = {isa = PBXFileReference; fileEncoding = 4; lastKnownFileType = sourcecode.c.h; path = MTXmlLibrary.h; sourceTree = "<group>"; };
		22031F99163763DD0093E61E /* MTXmlLibrary.m */ = {isa = PBXFileReference; fileEncoding = 4; lastKnownFileType = sourcecode.c.objc; path = MTXmlLibrary.m; sourceTree = "<group>"; };
		22031F9C16376A800093E61E /* GDataXMLNode.h */ = {isa = PBXFileReference; fileEncoding = 4; lastKnownFileType = sourcecode.c.h; path = GDataXMLNode.h; sourceTree = "<group>"; };
		22031F9D16376A800093E61E /* GDataXMLNode.m */ = {isa = PBXFileReference; fileEncoding = 4; lastKnownFileType = sourcecode.c.objc; path = GDataXMLNode.m; sourceTree = "<group>"; };
		221A687B16376BE0008B4AD2 /* libmicrotome-include-gdataxml.a */ = {isa = PBXFileReference; explicitFileType = archive.ar; includeInIndex = 0; path = "libmicrotome-include-gdataxml.a"; sourceTree = BUILT_PRODUCTS_DIR; };
		221A688016376CCE008B4AD2 /* microtome-include-gdataxml.h */ = {isa = PBXFileReference; lastKnownFileType = sourcecode.c.h; path = "microtome-include-gdataxml.h"; sourceTree = "<group>"; };
		221A691E16388EA9008B4AD2 /* libmicrotome-use-gdataxml.a */ = {isa = PBXFileReference; explicitFileType = archive.ar; includeInIndex = 0; path = "libmicrotome-use-gdataxml.a"; sourceTree = BUILT_PRODUCTS_DIR; };
		221A69201638900F008B4AD2 /* microtome-use-gdataxml.h */ = {isa = PBXFileReference; lastKnownFileType = sourcecode.c.h; path = "microtome-use-gdataxml.h"; sourceTree = "<group>"; };
		221B2F42161CD0D1001B98AA /* MTPage.h */ = {isa = PBXFileReference; fileEncoding = 4; lastKnownFileType = sourcecode.c.h; path = MTPage.h; sourceTree = "<group>"; };
		221B2F4A161CD668001B98AA /* MTTome.h */ = {isa = PBXFileReference; fileEncoding = 4; lastKnownFileType = sourcecode.c.h; path = MTTome.h; sourceTree = "<group>"; };
		221B2F57161CDE60001B98AA /* MTLibrary.h */ = {isa = PBXFileReference; fileEncoding = 4; lastKnownFileType = sourcecode.c.h; path = MTLibrary.h; sourceTree = "<group>"; };
		221B2F58161CDE60001B98AA /* MTLibrary.m */ = {isa = PBXFileReference; fileEncoding = 4; lastKnownFileType = sourcecode.c.objc; path = MTLibrary.m; sourceTree = "<group>"; };
		221B2F79161CE727001B98AA /* MTLoadException.h */ = {isa = PBXFileReference; fileEncoding = 4; lastKnownFileType = sourcecode.c.h; path = MTLoadException.h; sourceTree = "<group>"; };
		221B2F7A161CE727001B98AA /* MTLoadException.m */ = {isa = PBXFileReference; fileEncoding = 4; lastKnownFileType = sourcecode.c.objc; path = MTLoadException.m; sourceTree = "<group>"; };
		221B2FCF161D0AE8001B98AA /* PrimitivePage.h */ = {isa = PBXFileReference; fileEncoding = 4; lastKnownFileType = sourcecode.c.h; path = PrimitivePage.h; sourceTree = "<group>"; };
		221B2FD0161D0AE8001B98AA /* PrimitivePage.m */ = {isa = PBXFileReference; fileEncoding = 4; lastKnownFileType = sourcecode.c.objc; path = PrimitivePage.m; sourceTree = "<group>"; };
		221B2FF7161E0CE5001B98AA /* MTPageRef.h */ = {isa = PBXFileReference; fileEncoding = 4; lastKnownFileType = sourcecode.c.h; path = MTPageRef.h; sourceTree = "<group>"; };
		221B303A161E585E001B98AA /* MTUtils.h */ = {isa = PBXFileReference; fileEncoding = 4; lastKnownFileType = sourcecode.c.h; path = MTUtils.h; sourceTree = "<group>"; };
		221B303B161E585F001B98AA /* MTUtils.m */ = {isa = PBXFileReference; fileEncoding = 4; lastKnownFileType = sourcecode.c.objc; path = MTUtils.m; sourceTree = "<group>"; };
		221B303E161E5B06001B98AA /* MTDefs.h */ = {isa = PBXFileReference; lastKnownFileType = sourcecode.c.h; path = MTDefs.h; sourceTree = "<group>"; };
		221B3043161E61F3001B98AA /* NestedPage.h */ = {isa = PBXFileReference; fileEncoding = 4; lastKnownFileType = sourcecode.c.h; path = NestedPage.h; sourceTree = "<group>"; };
		221B3044161E61F3001B98AA /* NestedPage.m */ = {isa = PBXFileReference; fileEncoding = 4; lastKnownFileType = sourcecode.c.objc; path = NestedPage.m; sourceTree = "<group>"; };
		225041C81558ACB50014FA5D /* libmicrotome.a */ = {isa = PBXFileReference; explicitFileType = archive.ar; includeInIndex = 0; path = libmicrotome.a; sourceTree = BUILT_PRODUCTS_DIR; };
		225041CB1558ACB50014FA5D /* Foundation.framework */ = {isa = PBXFileReference; lastKnownFileType = wrapper.framework; name = Foundation.framework; path = System/Library/Frameworks/Foundation.framework; sourceTree = SDKROOT; };
		225041D81558ACB50014FA5D /* microtomeTests.octest */ = {isa = PBXFileReference; explicitFileType = wrapper.cfbundle; includeInIndex = 0; path = microtomeTests.octest; sourceTree = BUILT_PRODUCTS_DIR; };
		225041D91558ACB50014FA5D /* SenTestingKit.framework */ = {isa = PBXFileReference; lastKnownFileType = wrapper.framework; name = SenTestingKit.framework; path = Library/Frameworks/SenTestingKit.framework; sourceTree = DEVELOPER_DIR; };
		225041DB1558ACB50014FA5D /* UIKit.framework */ = {isa = PBXFileReference; lastKnownFileType = wrapper.framework; name = UIKit.framework; path = Library/Frameworks/UIKit.framework; sourceTree = DEVELOPER_DIR; };
		225041E31558ACB50014FA5D /* microtomeTests-Info.plist */ = {isa = PBXFileReference; lastKnownFileType = text.plist.xml; path = "microtomeTests-Info.plist"; sourceTree = "<group>"; };
		225041E51558ACB50014FA5D /* en */ = {isa = PBXFileReference; lastKnownFileType = text.plist.strings; name = en; path = en.lproj/InfoPlist.strings; sourceTree = "<group>"; };
		225041E71558ACB50014FA5D /* microtomeTests.h */ = {isa = PBXFileReference; lastKnownFileType = sourcecode.c.h; path = microtomeTests.h; sourceTree = "<group>"; };
		225041E81558ACB50014FA5D /* microtomeTests.m */ = {isa = PBXFileReference; lastKnownFileType = sourcecode.c.objc; path = microtomeTests.m; sourceTree = "<group>"; };
		225041F71558AD200014FA5D /* microtome.h */ = {isa = PBXFileReference; fileEncoding = 4; lastKnownFileType = sourcecode.c.h; path = microtome.h; sourceTree = "<group>"; };
		225041FA1558AD740014FA5D /* microtome_Prefix.pch */ = {isa = PBXFileReference; lastKnownFileType = sourcecode.c.h; path = microtome_Prefix.pch; sourceTree = "<group>"; };
		225042451558B19F0014FA5D /* MTProp.h */ = {isa = PBXFileReference; fileEncoding = 4; lastKnownFileType = sourcecode.c.h; path = MTProp.h; sourceTree = "<group>"; };
		226BAA3F161F946900133173 /* RefPage.h */ = {isa = PBXFileReference; fileEncoding = 4; lastKnownFileType = sourcecode.c.h; path = RefPage.h; sourceTree = "<group>"; };
		226BAA40161F946900133173 /* RefPage.m */ = {isa = PBXFileReference; fileEncoding = 4; lastKnownFileType = sourcecode.c.objc; path = RefPage.m; sourceTree = "<group>"; };
		229031ED163A1D5D0006344E /* PrimitiveTest.xml */ = {isa = PBXFileReference; fileEncoding = 4; lastKnownFileType = text.xml; name = PrimitiveTest.xml; path = XML/PrimitiveTest.xml; sourceTree = "<group>"; };
		229031EE163A1D5D0006344E /* RefTest.xml */ = {isa = PBXFileReference; fileEncoding = 4; lastKnownFileType = text.xml; name = RefTest.xml; path = XML/RefTest.xml; sourceTree = "<group>"; };
		229031EF163A1D5D0006344E /* TemplateTest.xml */ = {isa = PBXFileReference; fileEncoding = 4; lastKnownFileType = text.xml; name = TemplateTest.xml; path = XML/TemplateTest.xml; sourceTree = "<group>"; };
		229031F0163A1D5D0006344E /* TomeTest.xml */ = {isa = PBXFileReference; fileEncoding = 4; lastKnownFileType = text.xml; name = TomeTest.xml; path = XML/TomeTest.xml; sourceTree = "<group>"; };
		229031F6163A29680006344E /* NestedTest.xml */ = {isa = PBXFileReference; fileEncoding = 4; lastKnownFileType = text.xml; name = NestedTest.xml; path = XML/NestedTest.xml; sourceTree = "<group>"; };
		22E43A6E1559B847003A43B8 /* MTProp.m */ = {isa = PBXFileReference; fileEncoding = 4; lastKnownFileType = sourcecode.c.objc; path = MTProp.m; sourceTree = "<group>"; };
/* End PBXFileReference section */

/* Begin PBXFrameworksBuildPhase section */
		221A686116376BE0008B4AD2 /* Frameworks */ = {
			isa = PBXFrameworksBuildPhase;
			buildActionMask = 2147483647;
			files = (
				221A686216376BE0008B4AD2 /* Foundation.framework in Frameworks */,
			);
			runOnlyForDeploymentPostprocessing = 0;
		};
		221A690416388EA9008B4AD2 /* Frameworks */ = {
			isa = PBXFrameworksBuildPhase;
			buildActionMask = 2147483647;
			files = (
				221A690516388EA9008B4AD2 /* Foundation.framework in Frameworks */,
			);
			runOnlyForDeploymentPostprocessing = 0;
		};
		225041C51558ACB50014FA5D /* Frameworks */ = {
			isa = PBXFrameworksBuildPhase;
			buildActionMask = 2147483647;
			files = (
				225041CC1558ACB50014FA5D /* Foundation.framework in Frameworks */,
			);
			runOnlyForDeploymentPostprocessing = 0;
		};
		225041D41558ACB50014FA5D /* Frameworks */ = {
			isa = PBXFrameworksBuildPhase;
			buildActionMask = 2147483647;
			files = (
				221A687F16376C90008B4AD2 /* libmicrotome-include-gdataxml.a in Frameworks */,
				225041DA1558ACB50014FA5D /* SenTestingKit.framework in Frameworks */,
				225041DC1558ACB50014FA5D /* UIKit.framework in Frameworks */,
				225041DD1558ACB50014FA5D /* Foundation.framework in Frameworks */,
			);
			runOnlyForDeploymentPostprocessing = 0;
		};
/* End PBXFrameworksBuildPhase section */

/* Begin PBXGroup section */
		22031F081637194D0093E61E /* Internal */ = {
			isa = PBXGroup;
			children = (
				221B303E161E5B06001B98AA /* MTDefs.h */,
				22031F0F1637263B0093E61E /* MTLibrary+Internal.h */,
				22031D53162F8AAD0093E61E /* MTLibraryItem.h */,
				22031F09163719620093E61E /* MTLoadTask.h */,
				22031F0A163719620093E61E /* MTLoadTask.m */,
				221B303A161E585E001B98AA /* MTUtils.h */,
				221B303B161E585F001B98AA /* MTUtils.m */,
			);
			name = Internal;
			sourceTree = "<group>";
		};
		22031F7E16374B030093E61E /* GDataXML */ = {
			isa = PBXGroup;
			children = (
				221A688016376CCE008B4AD2 /* microtome-include-gdataxml.h */,
				221A69201638900F008B4AD2 /* microtome-use-gdataxml.h */,
				22031F8316374B7E0093E61E /* GDataXMLElement+MTExtensions.h */,
				22031F8416374B7E0093E61E /* GDataXMLElement+MTExtensions.m */,
				22031F9C16376A800093E61E /* GDataXMLNode.h */,
				22031F9D16376A800093E61E /* GDataXMLNode.m */,
				22031F98163763DD0093E61E /* MTXmlLibrary.h */,
				22031F99163763DD0093E61E /* MTXmlLibrary.m */,
			);
			name = GDataXML;
			sourceTree = "<group>";
		};
		225041BD1558ACB50014FA5D = {
			isa = PBXGroup;
			children = (
				225041F61558ACFE0014FA5D /* Classes */,
				225041E11558ACB50014FA5D /* Tests */,
				225041F91558AD520014FA5D /* Supporting Files */,
				225041CA1558ACB50014FA5D /* Frameworks */,
				225041C91558ACB50014FA5D /* Products */,
			);
			sourceTree = "<group>";
		};
		225041C91558ACB50014FA5D /* Products */ = {
			isa = PBXGroup;
			children = (
				225041C81558ACB50014FA5D /* libmicrotome.a */,
				225041D81558ACB50014FA5D /* microtomeTests.octest */,
				221A687B16376BE0008B4AD2 /* libmicrotome-include-gdataxml.a */,
				221A691E16388EA9008B4AD2 /* libmicrotome-use-gdataxml.a */,
			);
			name = Products;
			sourceTree = "<group>";
		};
		225041CA1558ACB50014FA5D /* Frameworks */ = {
			isa = PBXGroup;
			children = (
				225041CB1558ACB50014FA5D /* Foundation.framework */,
				225041D91558ACB50014FA5D /* SenTestingKit.framework */,
				225041DB1558ACB50014FA5D /* UIKit.framework */,
			);
			name = Frameworks;
			sourceTree = "<group>";
		};
		225041E11558ACB50014FA5D /* Tests */ = {
			isa = PBXGroup;
			children = (
				225041E71558ACB50014FA5D /* microtomeTests.h */,
				225041E81558ACB50014FA5D /* microtomeTests.m */,
				221B3043161E61F3001B98AA /* NestedPage.h */,
				221B3044161E61F3001B98AA /* NestedPage.m */,
				221B2FCF161D0AE8001B98AA /* PrimitivePage.h */,
				221B2FD0161D0AE8001B98AA /* PrimitivePage.m */,
				226BAA3F161F946900133173 /* RefPage.h */,
				226BAA40161F946900133173 /* RefPage.m */,
				225041E21558ACB50014FA5D /* Supporting Files */,
			);
			path = Tests;
			sourceTree = "<group>";
		};
		225041E21558ACB50014FA5D /* Supporting Files */ = {
			isa = PBXGroup;
			children = (
				229031F6163A29680006344E /* NestedTest.xml */,
				229031ED163A1D5D0006344E /* PrimitiveTest.xml */,
				229031EE163A1D5D0006344E /* RefTest.xml */,
				229031EF163A1D5D0006344E /* TemplateTest.xml */,
				229031F0163A1D5D0006344E /* TomeTest.xml */,
				225041E31558ACB50014FA5D /* microtomeTests-Info.plist */,
				225041E41558ACB50014FA5D /* InfoPlist.strings */,
			);
			name = "Supporting Files";
			sourceTree = "<group>";
		};
		225041F61558ACFE0014FA5D /* Classes */ = {
			isa = PBXGroup;
			children = (
				22031F7E16374B030093E61E /* GDataXML */,
				22031F081637194D0093E61E /* Internal */,
				225041F71558AD200014FA5D /* microtome.h */,
				22031F7616373D390093E61E /* MTDataElement.h */,
				22031F7716373D390093E61E /* MTDataElement.m */,
				221B2F57161CDE60001B98AA /* MTLibrary.h */,
				221B2F58161CDE60001B98AA /* MTLibrary.m */,
				221B2F79161CE727001B98AA /* MTLoadException.h */,
				221B2F7A161CE727001B98AA /* MTLoadException.m */,
				22031DC21631D8840093E61E /* MTMutablePage.h */,
				22031DC31631D8850093E61E /* MTMutablePage.m */,
				22031DC61631D9920093E61E /* MTMutablePageRef.h */,
				22031DC71631D9920093E61E /* MTMutablePageRef.m */,
				22031DCA1631D9ED0093E61E /* MTMutableTome.h */,
				22031DCB1631D9EE0093E61E /* MTMutableTome.m */,
				22031D42162F3ADA0093E61E /* MTObjectMarshaller.h */,
				22031D43162F3ADA0093E61E /* MTObjectMarshaller.m */,
				221B2F42161CD0D1001B98AA /* MTPage.h */,
				221B2FF7161E0CE5001B98AA /* MTPageRef.h */,
				22031F2F163733130093E61E /* MTPrimitiveMarshaller.h */,
				22031F30163733140093E61E /* MTPrimitiveMarshaller.m */,
				225042451558B19F0014FA5D /* MTProp.h */,
				22E43A6E1559B847003A43B8 /* MTProp.m */,
				221B2F4A161CD668001B98AA /* MTTome.h */,
				22031CDA162E04780093E61E /* MTType.h */,
				22031CDB162E04780093E61E /* MTType.m */,
				22031D861630CB4E0093E61E /* MTValidationException.h */,
				22031D871630CB4F0093E61E /* MTValidationException.m */,
			);
			path = Classes;
			sourceTree = "<group>";
		};
		225041F91558AD520014FA5D /* Supporting Files */ = {
			isa = PBXGroup;
			children = (
				225041FA1558AD740014FA5D /* microtome_Prefix.pch */,
			);
			name = "Supporting Files";
			sourceTree = "<group>";
		};
/* End PBXGroup section */

/* Begin PBXHeadersBuildPhase section */
		221A686316376BE0008B4AD2 /* Headers */ = {
			isa = PBXHeadersBuildPhase;
			buildActionMask = 2147483647;
			files = (
				221A686416376BE0008B4AD2 /* microtome.h in Headers */,
				221A686516376BE0008B4AD2 /* MTPage.h in Headers */,
				221A686616376BE0008B4AD2 /* MTTome.h in Headers */,
				221A686716376BE0008B4AD2 /* MTLibrary.h in Headers */,
				221A686816376BE0008B4AD2 /* MTLoadException.h in Headers */,
				221A686916376BE0008B4AD2 /* MTPageRef.h in Headers */,
				221A686A16376BE0008B4AD2 /* MTUtils.h in Headers */,
				221A686B16376BE0008B4AD2 /* MTType.h in Headers */,
				221A686C16376BE0008B4AD2 /* MTObjectMarshaller.h in Headers */,
				221A686D16376BE0008B4AD2 /* MTValidationException.h in Headers */,
				221A686E16376BE0008B4AD2 /* MTMutablePage.h in Headers */,
				221A686F16376BE0008B4AD2 /* MTMutablePageRef.h in Headers */,
				221A687016376BE0008B4AD2 /* MTMutableTome.h in Headers */,
				221A687116376BE0008B4AD2 /* MTLoadTask.h in Headers */,
				221A687216376BE0008B4AD2 /* MTLibrary+Internal.h in Headers */,
				221A687316376BE0008B4AD2 /* MTPrimitiveMarshaller.h in Headers */,
				221A687416376BE0008B4AD2 /* MTDataElement.h in Headers */,
				221A687516376BE0008B4AD2 /* GDataXMLElement+MTExtensions.h in Headers */,
				221A687616376BE0008B4AD2 /* MTXmlLibrary.h in Headers */,
				221A687716376BE0008B4AD2 /* GDataXMLNode.h in Headers */,
			);
			runOnlyForDeploymentPostprocessing = 0;
		};
		221A690616388EA9008B4AD2 /* Headers */ = {
			isa = PBXHeadersBuildPhase;
			buildActionMask = 2147483647;
			files = (
				221A690716388EA9008B4AD2 /* microtome.h in Headers */,
				221A690816388EA9008B4AD2 /* MTPage.h in Headers */,
				221A690916388EA9008B4AD2 /* MTTome.h in Headers */,
				221A690A16388EA9008B4AD2 /* MTLibrary.h in Headers */,
				221A690B16388EA9008B4AD2 /* MTLoadException.h in Headers */,
				221A690C16388EA9008B4AD2 /* MTPageRef.h in Headers */,
				221A690D16388EA9008B4AD2 /* MTUtils.h in Headers */,
				221A690E16388EA9008B4AD2 /* MTType.h in Headers */,
				221A690F16388EA9008B4AD2 /* MTObjectMarshaller.h in Headers */,
				221A691016388EA9008B4AD2 /* MTValidationException.h in Headers */,
				221A691116388EA9008B4AD2 /* MTMutablePage.h in Headers */,
				221A691216388EA9008B4AD2 /* MTMutablePageRef.h in Headers */,
				221A691316388EA9008B4AD2 /* MTMutableTome.h in Headers */,
				221A691416388EA9008B4AD2 /* MTLoadTask.h in Headers */,
				221A691516388EA9008B4AD2 /* MTLibrary+Internal.h in Headers */,
				221A691616388EA9008B4AD2 /* MTPrimitiveMarshaller.h in Headers */,
				221A691716388EA9008B4AD2 /* MTDataElement.h in Headers */,
				221A691816388EA9008B4AD2 /* GDataXMLElement+MTExtensions.h in Headers */,
				221A691916388EA9008B4AD2 /* MTXmlLibrary.h in Headers */,
				221A691A16388EA9008B4AD2 /* GDataXMLNode.h in Headers */,
			);
			runOnlyForDeploymentPostprocessing = 0;
		};
		225041C61558ACB50014FA5D /* Headers */ = {
			isa = PBXHeadersBuildPhase;
			buildActionMask = 2147483647;
			files = (
				225041F81558AD200014FA5D /* microtome.h in Headers */,
				221B2F44161CD0D1001B98AA /* MTPage.h in Headers */,
				221B2F4C161CD668001B98AA /* MTTome.h in Headers */,
				221B2F59161CDE60001B98AA /* MTLibrary.h in Headers */,
				221B2F7B161CE728001B98AA /* MTLoadException.h in Headers */,
				221B2FF9161E0CE6001B98AA /* MTPageRef.h in Headers */,
				221B303C161E5860001B98AA /* MTUtils.h in Headers */,
				22031CDC162E04780093E61E /* MTType.h in Headers */,
				22031D44162F3ADA0093E61E /* MTObjectMarshaller.h in Headers */,
				22031D881630CB500093E61E /* MTValidationException.h in Headers */,
				22031DC41631D8850093E61E /* MTMutablePage.h in Headers */,
				22031DC81631D9930093E61E /* MTMutablePageRef.h in Headers */,
				22031DCC1631D9EE0093E61E /* MTMutableTome.h in Headers */,
				22031F0B163719620093E61E /* MTLoadTask.h in Headers */,
				22031F111637263B0093E61E /* MTLibrary+Internal.h in Headers */,
				22031F31163733150093E61E /* MTPrimitiveMarshaller.h in Headers */,
				22031F7816373D3A0093E61E /* MTDataElement.h in Headers */,
				22031F8516374B7E0093E61E /* GDataXMLElement+MTExtensions.h in Headers */,
				22031F9A163763DD0093E61E /* MTXmlLibrary.h in Headers */,
				22031F9E16376A800093E61E /* GDataXMLNode.h in Headers */,
			);
			runOnlyForDeploymentPostprocessing = 0;
		};
/* End PBXHeadersBuildPhase section */

/* Begin PBXNativeTarget section */
		221A684F16376BE0008B4AD2 /* microtome-include-gdataxml */ = {
			isa = PBXNativeTarget;
			buildConfigurationList = 221A687816376BE0008B4AD2 /* Build configuration list for PBXNativeTarget "microtome-include-gdataxml" */;
			buildPhases = (
				221A685016376BE0008B4AD2 /* Sources */,
				221A686116376BE0008B4AD2 /* Frameworks */,
				221A686316376BE0008B4AD2 /* Headers */,
			);
			buildRules = (
			);
			dependencies = (
			);
			name = "microtome-include-gdataxml";
			productName = microtome;
			productReference = 221A687B16376BE0008B4AD2 /* libmicrotome-include-gdataxml.a */;
			productType = "com.apple.product-type.library.static";
		};
		221A68F216388EA9008B4AD2 /* microtome-use-gdataxml */ = {
			isa = PBXNativeTarget;
			buildConfigurationList = 221A691B16388EA9008B4AD2 /* Build configuration list for PBXNativeTarget "microtome-use-gdataxml" */;
			buildPhases = (
				221A68F316388EA9008B4AD2 /* Sources */,
				221A690416388EA9008B4AD2 /* Frameworks */,
				221A690616388EA9008B4AD2 /* Headers */,
			);
			buildRules = (
			);
			dependencies = (
			);
			name = "microtome-use-gdataxml";
			productName = microtome;
			productReference = 221A691E16388EA9008B4AD2 /* libmicrotome-use-gdataxml.a */;
			productType = "com.apple.product-type.library.static";
		};
		225041C71558ACB50014FA5D /* microtome */ = {
			isa = PBXNativeTarget;
			buildConfigurationList = 225041EC1558ACB50014FA5D /* Build configuration list for PBXNativeTarget "microtome" */;
			buildPhases = (
				225041C41558ACB50014FA5D /* Sources */,
				225041C51558ACB50014FA5D /* Frameworks */,
				225041C61558ACB50014FA5D /* Headers */,
			);
			buildRules = (
			);
			dependencies = (
			);
			name = microtome;
			productName = microtome;
			productReference = 225041C81558ACB50014FA5D /* libmicrotome.a */;
			productType = "com.apple.product-type.library.static";
		};
		225041D71558ACB50014FA5D /* microtomeTests */ = {
			isa = PBXNativeTarget;
			buildConfigurationList = 225041EF1558ACB50014FA5D /* Build configuration list for PBXNativeTarget "microtomeTests" */;
			buildPhases = (
				225041D31558ACB50014FA5D /* Sources */,
				225041D41558ACB50014FA5D /* Frameworks */,
				225041D51558ACB50014FA5D /* Resources */,
				225041D61558ACB50014FA5D /* ShellScript */,
			);
			buildRules = (
			);
			dependencies = (
				221A687E16376C6F008B4AD2 /* PBXTargetDependency */,
			);
			name = microtomeTests;
			productName = microtomeTests;
			productReference = 225041D81558ACB50014FA5D /* microtomeTests.octest */;
			productType = "com.apple.product-type.bundle";
		};
/* End PBXNativeTarget section */

/* Begin PBXProject section */
		225041BF1558ACB50014FA5D /* Project object */ = {
			isa = PBXProject;
			attributes = {
				CLASSPREFIX = MT;
				LastUpgradeCheck = 0430;
				ORGANIZATIONNAME = "Three Rings Design";
			};
			buildConfigurationList = 225041C21558ACB50014FA5D /* Build configuration list for PBXProject "microtome" */;
			compatibilityVersion = "Xcode 3.2";
			developmentRegion = English;
			hasScannedForEncodings = 0;
			knownRegions = (
				en,
			);
			mainGroup = 225041BD1558ACB50014FA5D;
			productRefGroup = 225041C91558ACB50014FA5D /* Products */;
			projectDirPath = "";
			projectRoot = "";
			targets = (
				225041C71558ACB50014FA5D /* microtome */,
				221A684F16376BE0008B4AD2 /* microtome-include-gdataxml */,
				221A68F216388EA9008B4AD2 /* microtome-use-gdataxml */,
				225041D71558ACB50014FA5D /* microtomeTests */,
			);
		};
/* End PBXProject section */

/* Begin PBXResourcesBuildPhase section */
		225041D51558ACB50014FA5D /* Resources */ = {
			isa = PBXResourcesBuildPhase;
			buildActionMask = 2147483647;
			files = (
				225041E61558ACB50014FA5D /* InfoPlist.strings in Resources */,
				229031F1163A1D5D0006344E /* PrimitiveTest.xml in Resources */,
				229031F2163A1D5D0006344E /* RefTest.xml in Resources */,
				229031F3163A1D5D0006344E /* TemplateTest.xml in Resources */,
				229031F4163A1D5D0006344E /* TomeTest.xml in Resources */,
				229031F7163A29680006344E /* NestedTest.xml in Resources */,
			);
			runOnlyForDeploymentPostprocessing = 0;
		};
/* End PBXResourcesBuildPhase section */

/* Begin PBXShellScriptBuildPhase section */
		225041D61558ACB50014FA5D /* ShellScript */ = {
			isa = PBXShellScriptBuildPhase;
			buildActionMask = 2147483647;
			files = (
			);
			inputPaths = (
			);
			outputPaths = (
			);
			runOnlyForDeploymentPostprocessing = 0;
			shellPath = /bin/sh;
			shellScript = "# Run the unit tests in this test bundle.\n\"${SYSTEM_DEVELOPER_DIR}/Tools/RunUnitTests\"\n";
		};
/* End PBXShellScriptBuildPhase section */

/* Begin PBXSourcesBuildPhase section */
		221A685016376BE0008B4AD2 /* Sources */ = {
			isa = PBXSourcesBuildPhase;
			buildActionMask = 2147483647;
			files = (
				221A685116376BE0008B4AD2 /* MTProp.m in Sources */,
				221A685216376BE0008B4AD2 /* MTLibrary.m in Sources */,
				221A685316376BE0008B4AD2 /* MTLoadException.m in Sources */,
				221A685416376BE0008B4AD2 /* MTUtils.m in Sources */,
				221A685516376BE0008B4AD2 /* MTType.m in Sources */,
				221A685616376BE0008B4AD2 /* MTObjectMarshaller.m in Sources */,
				221A685716376BE0008B4AD2 /* MTValidationException.m in Sources */,
				221A685816376BE0008B4AD2 /* MTMutablePage.m in Sources */,
				221A685916376BE0008B4AD2 /* MTMutablePageRef.m in Sources */,
				221A685A16376BE0008B4AD2 /* MTMutableTome.m in Sources */,
				221A685B16376BE0008B4AD2 /* MTLoadTask.m in Sources */,
				221A685C16376BE0008B4AD2 /* MTPrimitiveMarshaller.m in Sources */,
				221A685D16376BE0008B4AD2 /* MTDataElement.m in Sources */,
				221A685E16376BE0008B4AD2 /* GDataXMLElement+MTExtensions.m in Sources */,
				221A685F16376BE0008B4AD2 /* MTXmlLibrary.m in Sources */,
				221A691F16388F18008B4AD2 /* GDataXMLNode.m in Sources */,
			);
			runOnlyForDeploymentPostprocessing = 0;
		};
		221A68F316388EA9008B4AD2 /* Sources */ = {
			isa = PBXSourcesBuildPhase;
			buildActionMask = 2147483647;
			files = (
				221A68F416388EA9008B4AD2 /* MTProp.m in Sources */,
				221A68F516388EA9008B4AD2 /* MTLibrary.m in Sources */,
				221A68F616388EA9008B4AD2 /* MTLoadException.m in Sources */,
				221A68F716388EA9008B4AD2 /* MTUtils.m in Sources */,
				221A68F816388EA9008B4AD2 /* MTType.m in Sources */,
				221A68F916388EA9008B4AD2 /* MTObjectMarshaller.m in Sources */,
				221A68FA16388EA9008B4AD2 /* MTValidationException.m in Sources */,
				221A68FB16388EA9008B4AD2 /* MTMutablePage.m in Sources */,
				221A68FC16388EA9008B4AD2 /* MTMutablePageRef.m in Sources */,
				221A68FD16388EA9008B4AD2 /* MTMutableTome.m in Sources */,
				221A68FE16388EA9008B4AD2 /* MTLoadTask.m in Sources */,
				221A68FF16388EA9008B4AD2 /* MTPrimitiveMarshaller.m in Sources */,
				221A690016388EA9008B4AD2 /* MTDataElement.m in Sources */,
				221A690116388EA9008B4AD2 /* GDataXMLElement+MTExtensions.m in Sources */,
				221A690216388EA9008B4AD2 /* MTXmlLibrary.m in Sources */,
			);
			runOnlyForDeploymentPostprocessing = 0;
		};
		225041C41558ACB50014FA5D /* Sources */ = {
			isa = PBXSourcesBuildPhase;
			buildActionMask = 2147483647;
			files = (
				22E43A701559B847003A43B8 /* MTProp.m in Sources */,
				221B2F5A161CDE60001B98AA /* MTLibrary.m in Sources */,
				221B2F7C161CE728001B98AA /* MTLoadException.m in Sources */,
				221B303D161E5860001B98AA /* MTUtils.m in Sources */,
				22031CDD162E04780093E61E /* MTType.m in Sources */,
				22031D45162F3ADA0093E61E /* MTObjectMarshaller.m in Sources */,
				22031D891630CB500093E61E /* MTValidationException.m in Sources */,
				22031DC51631D8850093E61E /* MTMutablePage.m in Sources */,
				22031DC91631D9930093E61E /* MTMutablePageRef.m in Sources */,
				22031DCD1631D9EE0093E61E /* MTMutableTome.m in Sources */,
				22031F0D163719620093E61E /* MTLoadTask.m in Sources */,
				22031F32163733150093E61E /* MTPrimitiveMarshaller.m in Sources */,
				22031F7916373D3A0093E61E /* MTDataElement.m in Sources */,
			);
			runOnlyForDeploymentPostprocessing = 0;
		};
		225041D31558ACB50014FA5D /* Sources */ = {
			isa = PBXSourcesBuildPhase;
			buildActionMask = 2147483647;
			files = (
				225041E91558ACB50014FA5D /* microtomeTests.m in Sources */,
				221B2FD1161D0AE8001B98AA /* PrimitivePage.m in Sources */,
				221B3045161E61F3001B98AA /* NestedPage.m in Sources */,
				226BAA41161F946900133173 /* RefPage.m in Sources */,
			);
			runOnlyForDeploymentPostprocessing = 0;
		};
/* End PBXSourcesBuildPhase section */

/* Begin PBXTargetDependency section */
		221A687E16376C6F008B4AD2 /* PBXTargetDependency */ = {
			isa = PBXTargetDependency;
			target = 221A684F16376BE0008B4AD2 /* microtome-include-gdataxml */;
			targetProxy = 221A687D16376C6F008B4AD2 /* PBXContainerItemProxy */;
		};
/* End PBXTargetDependency section */

/* Begin PBXVariantGroup section */
		225041E41558ACB50014FA5D /* InfoPlist.strings */ = {
			isa = PBXVariantGroup;
			children = (
				225041E51558ACB50014FA5D /* en */,
			);
			name = InfoPlist.strings;
			sourceTree = "<group>";
		};
/* End PBXVariantGroup section */

/* Begin XCBuildConfiguration section */
		221A687916376BE0008B4AD2 /* Debug */ = {
			isa = XCBuildConfiguration;
			buildSettings = {
				DSTROOT = /tmp/microtome.dst;
				GCC_PRECOMPILE_PREFIX_HEADER = YES;
				GCC_PREFIX_HEADER = microtome_Prefix.pch;
				HEADER_SEARCH_PATHS = /usr/include/libxml2;
				OTHER_LDFLAGS = "-ObjC";
				PRODUCT_NAME = "microtome-include-gdataxml";
				SKIP_INSTALL = YES;
			};
			name = Debug;
		};
		221A687A16376BE0008B4AD2 /* Release */ = {
			isa = XCBuildConfiguration;
			buildSettings = {
				DSTROOT = /tmp/microtome.dst;
				GCC_PRECOMPILE_PREFIX_HEADER = YES;
				GCC_PREFIX_HEADER = microtome_Prefix.pch;
				HEADER_SEARCH_PATHS = /usr/include/libxml2;
				OTHER_LDFLAGS = "-ObjC";
				PRODUCT_NAME = "microtome-include-gdataxml";
				SKIP_INSTALL = YES;
			};
			name = Release;
		};
		221A691C16388EA9008B4AD2 /* Debug */ = {
			isa = XCBuildConfiguration;
			buildSettings = {
				DSTROOT = /tmp/microtome.dst;
				GCC_PRECOMPILE_PREFIX_HEADER = YES;
				GCC_PREFIX_HEADER = microtome_Prefix.pch;
				HEADER_SEARCH_PATHS = /usr/include/libxml2;
				OTHER_LDFLAGS = "-ObjC";
				PRODUCT_NAME = "microtome-use-gdataxml";
				SKIP_INSTALL = YES;
			};
			name = Debug;
		};
		221A691D16388EA9008B4AD2 /* Release */ = {
			isa = XCBuildConfiguration;
			buildSettings = {
				DSTROOT = /tmp/microtome.dst;
				GCC_PRECOMPILE_PREFIX_HEADER = YES;
				GCC_PREFIX_HEADER = microtome_Prefix.pch;
				HEADER_SEARCH_PATHS = /usr/include/libxml2;
				OTHER_LDFLAGS = "-ObjC";
				PRODUCT_NAME = "microtome-use-gdataxml";
				SKIP_INSTALL = YES;
			};
			name = Release;
		};
		225041EA1558ACB50014FA5D /* Debug */ = {
			isa = XCBuildConfiguration;
			buildSettings = {
				ALWAYS_SEARCH_USER_PATHS = NO;
				ARCHS = "$(ARCHS_STANDARD_32_BIT)";
				CLANG_ENABLE_OBJC_ARC = YES;
				COPY_PHASE_STRIP = NO;
				GCC_C_LANGUAGE_STANDARD = gnu99;
				GCC_DYNAMIC_NO_PIC = NO;
				GCC_OPTIMIZATION_LEVEL = 0;
				GCC_PREPROCESSOR_DEFINITIONS = (
					"DEBUG=1",
					"$(inherited)",
				);
				GCC_SYMBOLS_PRIVATE_EXTERN = NO;
				GCC_VERSION = com.apple.compilers.llvm.clang.1_0;
				GCC_WARN_ABOUT_RETURN_TYPE = YES;
				GCC_WARN_UNINITIALIZED_AUTOS = YES;
				GCC_WARN_UNUSED_VARIABLE = YES;
				IPHONEOS_DEPLOYMENT_TARGET = 5.0;
				OTHER_LDFLAGS = (
					"-all_load",
					"-ObjC",
				);
				SDKROOT = iphoneos;
			};
			name = Debug;
		};
		225041EB1558ACB50014FA5D /* Release */ = {
			isa = XCBuildConfiguration;
			buildSettings = {
				ALWAYS_SEARCH_USER_PATHS = NO;
				ARCHS = "$(ARCHS_STANDARD_32_BIT)";
				CLANG_ENABLE_OBJC_ARC = YES;
				COPY_PHASE_STRIP = YES;
				GCC_C_LANGUAGE_STANDARD = gnu99;
				GCC_PREPROCESSOR_DEFINITIONS = "$(inherited)";
				GCC_VERSION = com.apple.compilers.llvm.clang.1_0;
				GCC_WARN_ABOUT_RETURN_TYPE = YES;
				GCC_WARN_UNINITIALIZED_AUTOS = YES;
				GCC_WARN_UNUSED_VARIABLE = YES;
				IPHONEOS_DEPLOYMENT_TARGET = 5.0;
				OTHER_LDFLAGS = (
					"-all_load",
					"-ObjC",
				);
				SDKROOT = iphoneos;
				VALIDATE_PRODUCT = YES;
			};
			name = Release;
		};
		225041ED1558ACB50014FA5D /* Debug */ = {
			isa = XCBuildConfiguration;
			buildSettings = {
				DSTROOT = /tmp/microtome.dst;
				GCC_PRECOMPILE_PREFIX_HEADER = YES;
				GCC_PREFIX_HEADER = microtome_Prefix.pch;
				OTHER_LDFLAGS = "-ObjC";
				PRODUCT_NAME = "$(TARGET_NAME)";
				SKIP_INSTALL = YES;
			};
			name = Debug;
		};
		225041EE1558ACB50014FA5D /* Release */ = {
			isa = XCBuildConfiguration;
			buildSettings = {
				DSTROOT = /tmp/microtome.dst;
				GCC_PRECOMPILE_PREFIX_HEADER = YES;
				GCC_PREFIX_HEADER = microtome_Prefix.pch;
				OTHER_LDFLAGS = "-ObjC";
				PRODUCT_NAME = "$(TARGET_NAME)";
				SKIP_INSTALL = YES;
			};
			name = Release;
		};
		225041F01558ACB50014FA5D /* Debug */ = {
			isa = XCBuildConfiguration;
			buildSettings = {
				FRAMEWORK_SEARCH_PATHS = (
					"$(SDKROOT)/Developer/Library/Frameworks",
					"$(DEVELOPER_LIBRARY_DIR)/Frameworks",
				);
				GCC_PRECOMPILE_PREFIX_HEADER = YES;
				GCC_PREFIX_HEADER = microtome_Prefix.pch;
				HEADER_SEARCH_PATHS = /usr/include/libxml2;
				INFOPLIST_FILE = "Tests/microtomeTests-Info.plist";
				OTHER_LDFLAGS = (
					"-all_load",
					"-ObjC",
					"-lxml2",
				);
				PRODUCT_NAME = "$(TARGET_NAME)";
				USER_HEADER_SEARCH_PATHS = "${COOOCOA_SRC}/**";
				WRAPPER_EXTENSION = octest;
			};
			name = Debug;
		};
		225041F11558ACB50014FA5D /* Release */ = {
			isa = XCBuildConfiguration;
			buildSettings = {
				FRAMEWORK_SEARCH_PATHS = (
					"$(SDKROOT)/Developer/Library/Frameworks",
					"$(DEVELOPER_LIBRARY_DIR)/Frameworks",
				);
				GCC_PRECOMPILE_PREFIX_HEADER = YES;
				GCC_PREFIX_HEADER = microtome_Prefix.pch;
				HEADER_SEARCH_PATHS = /usr/include/libxml2;
				INFOPLIST_FILE = "Tests/microtomeTests-Info.plist";
				OTHER_LDFLAGS = (
					"-all_load",
					"-ObjC",
					"-lxml2",
				);
				PRODUCT_NAME = "$(TARGET_NAME)";
				USER_HEADER_SEARCH_PATHS = "${COOOCOA_SRC}/**";
				WRAPPER_EXTENSION = octest;
			};
			name = Release;
		};
/* End XCBuildConfiguration section */

/* Begin XCConfigurationList section */
		221A687816376BE0008B4AD2 /* Build configuration list for PBXNativeTarget "microtome-include-gdataxml" */ = {
			isa = XCConfigurationList;
			buildConfigurations = (
				221A687916376BE0008B4AD2 /* Debug */,
				221A687A16376BE0008B4AD2 /* Release */,
			);
			defaultConfigurationIsVisible = 0;
			defaultConfigurationName = Release;
		};
		221A691B16388EA9008B4AD2 /* Build configuration list for PBXNativeTarget "microtome-use-gdataxml" */ = {
			isa = XCConfigurationList;
			buildConfigurations = (
				221A691C16388EA9008B4AD2 /* Debug */,
				221A691D16388EA9008B4AD2 /* Release */,
			);
			defaultConfigurationIsVisible = 0;
			defaultConfigurationName = Release;
		};
		225041C21558ACB50014FA5D /* Build configuration list for PBXProject "microtome" */ = {
			isa = XCConfigurationList;
			buildConfigurations = (
				225041EA1558ACB50014FA5D /* Debug */,
				225041EB1558ACB50014FA5D /* Release */,
			);
			defaultConfigurationIsVisible = 0;
			defaultConfigurationName = Release;
		};
		225041EC1558ACB50014FA5D /* Build configuration list for PBXNativeTarget "microtome" */ = {
			isa = XCConfigurationList;
			buildConfigurations = (
				225041ED1558ACB50014FA5D /* Debug */,
				225041EE1558ACB50014FA5D /* Release */,
			);
			defaultConfigurationIsVisible = 0;
			defaultConfigurationName = Release;
		};
		225041EF1558ACB50014FA5D /* Build configuration list for PBXNativeTarget "microtomeTests" */ = {
			isa = XCConfigurationList;
			buildConfigurations = (
				225041F01558ACB50014FA5D /* Debug */,
				225041F11558ACB50014FA5D /* Release */,
			);
			defaultConfigurationIsVisible = 0;
			defaultConfigurationName = Release;
		};
/* End XCConfigurationList section */
	};
	rootObject = 225041BF1558ACB50014FA5D /* Project object */;
}
