// !$*UTF8*$!
{
	archiveVersion = 1;
	classes = {
	};
	objectVersion = 46;
	objects = {

/* Begin PBXBuildFile section */
		22031CDC162E04780093E61E /* MTType.h in Headers */ = {isa = PBXBuildFile; fileRef = 22031CDA162E04780093E61E /* MTType.h */; };
		22031CDD162E04780093E61E /* MTType.m in Sources */ = {isa = PBXBuildFile; fileRef = 22031CDB162E04780093E61E /* MTType.m */; };
		22031D44162F3ADA0093E61E /* MTValueHandler.h in Headers */ = {isa = PBXBuildFile; fileRef = 22031D42162F3ADA0093E61E /* MTValueHandler.h */; };
		22031D45162F3ADA0093E61E /* MTValueHandler.m in Sources */ = {isa = PBXBuildFile; fileRef = 22031D43162F3ADA0093E61E /* MTValueHandler.m */; };
		22031D52162F60EB0093E61E /* MTXmlObjectMarshaller.m in Sources */ = {isa = PBXBuildFile; fileRef = 22031D51162F60EA0093E61E /* MTXmlObjectMarshaller.m */; };
		22031D881630CB500093E61E /* MTValidationException.h in Headers */ = {isa = PBXBuildFile; fileRef = 22031D861630CB4E0093E61E /* MTValidationException.h */; };
		22031D891630CB500093E61E /* MTValidationException.m in Sources */ = {isa = PBXBuildFile; fileRef = 22031D871630CB4F0093E61E /* MTValidationException.m */; };
		22031DB31630D3DB0093E61E /* libcooocoa.a in Frameworks */ = {isa = PBXBuildFile; fileRef = 2250421C1558B00B0014FA5D /* libcooocoa.a */; };
		22031DC41631D8850093E61E /* MTMutablePage.h in Headers */ = {isa = PBXBuildFile; fileRef = 22031DC21631D8840093E61E /* MTMutablePage.h */; };
		22031DC51631D8850093E61E /* MTMutablePage.m in Sources */ = {isa = PBXBuildFile; fileRef = 22031DC31631D8850093E61E /* MTMutablePage.m */; };
		22031DC81631D9930093E61E /* MTMutablePageRef.h in Headers */ = {isa = PBXBuildFile; fileRef = 22031DC61631D9920093E61E /* MTMutablePageRef.h */; };
		22031DC91631D9930093E61E /* MTMutablePageRef.m in Sources */ = {isa = PBXBuildFile; fileRef = 22031DC71631D9920093E61E /* MTMutablePageRef.m */; };
		22031DCC1631D9EE0093E61E /* MTMutableTome.h in Headers */ = {isa = PBXBuildFile; fileRef = 22031DCA1631D9ED0093E61E /* MTMutableTome.h */; };
		22031DCD1631D9EE0093E61E /* MTMutableTome.m in Sources */ = {isa = PBXBuildFile; fileRef = 22031DCB1631D9EE0093E61E /* MTMutableTome.m */; };
		221B2F44161CD0D1001B98AA /* MTPage.h in Headers */ = {isa = PBXBuildFile; fileRef = 221B2F42161CD0D1001B98AA /* MTPage.h */; };
		221B2F4C161CD668001B98AA /* MTTome.h in Headers */ = {isa = PBXBuildFile; fileRef = 221B2F4A161CD668001B98AA /* MTTome.h */; };
		221B2F59161CDE60001B98AA /* MTLibrary.h in Headers */ = {isa = PBXBuildFile; fileRef = 221B2F57161CDE60001B98AA /* MTLibrary.h */; };
		221B2F5A161CDE60001B98AA /* MTLibrary.m in Sources */ = {isa = PBXBuildFile; fileRef = 221B2F58161CDE60001B98AA /* MTLibrary.m */; };
		221B2F7B161CE728001B98AA /* MTLoadException.h in Headers */ = {isa = PBXBuildFile; fileRef = 221B2F79161CE727001B98AA /* MTLoadException.h */; };
		221B2F7C161CE728001B98AA /* MTLoadException.m in Sources */ = {isa = PBXBuildFile; fileRef = 221B2F7A161CE727001B98AA /* MTLoadException.m */; };
		221B2FBF161CFBDE001B98AA /* MTXmlLoader.h in Headers */ = {isa = PBXBuildFile; fileRef = 221B2FBD161CFBDE001B98AA /* MTXmlLoader.h */; };
		221B2FC0161CFBDE001B98AA /* MTXmlLoader.m in Sources */ = {isa = PBXBuildFile; fileRef = 221B2FBE161CFBDE001B98AA /* MTXmlLoader.m */; };
		221B2FC5161D00A4001B98AA /* MTXmlLoadException.h in Headers */ = {isa = PBXBuildFile; fileRef = 221B2FC3161D00A4001B98AA /* MTXmlLoadException.h */; };
		221B2FC6161D00A4001B98AA /* MTXmlLoadException.m in Sources */ = {isa = PBXBuildFile; fileRef = 221B2FC4161D00A4001B98AA /* MTXmlLoadException.m */; };
		221B2FD1161D0AE8001B98AA /* PrimitivePage.m in Sources */ = {isa = PBXBuildFile; fileRef = 221B2FD0161D0AE8001B98AA /* PrimitivePage.m */; };
		221B2FF9161E0CE6001B98AA /* MTPageRef.h in Headers */ = {isa = PBXBuildFile; fileRef = 221B2FF7161E0CE5001B98AA /* MTPageRef.h */; };
		221B303C161E5860001B98AA /* MTUtils.h in Headers */ = {isa = PBXBuildFile; fileRef = 221B303A161E585E001B98AA /* MTUtils.h */; };
		221B303D161E5860001B98AA /* MTUtils.m in Sources */ = {isa = PBXBuildFile; fileRef = 221B303B161E585F001B98AA /* MTUtils.m */; };
		221B3045161E61F3001B98AA /* NestedPage.m in Sources */ = {isa = PBXBuildFile; fileRef = 221B3044161E61F3001B98AA /* NestedPage.m */; };
		225041CC1558ACB50014FA5D /* Foundation.framework in Frameworks */ = {isa = PBXBuildFile; fileRef = 225041CB1558ACB50014FA5D /* Foundation.framework */; };
		225041DA1558ACB50014FA5D /* SenTestingKit.framework in Frameworks */ = {isa = PBXBuildFile; fileRef = 225041D91558ACB50014FA5D /* SenTestingKit.framework */; };
		225041DC1558ACB50014FA5D /* UIKit.framework in Frameworks */ = {isa = PBXBuildFile; fileRef = 225041DB1558ACB50014FA5D /* UIKit.framework */; };
		225041DD1558ACB50014FA5D /* Foundation.framework in Frameworks */ = {isa = PBXBuildFile; fileRef = 225041CB1558ACB50014FA5D /* Foundation.framework */; };
		225041E01558ACB50014FA5D /* libmicrotome.a in Frameworks */ = {isa = PBXBuildFile; fileRef = 225041C81558ACB50014FA5D /* libmicrotome.a */; };
		225041E61558ACB50014FA5D /* InfoPlist.strings in Resources */ = {isa = PBXBuildFile; fileRef = 225041E41558ACB50014FA5D /* InfoPlist.strings */; };
		225041E91558ACB50014FA5D /* microtomeTests.m in Sources */ = {isa = PBXBuildFile; fileRef = 225041E81558ACB50014FA5D /* microtomeTests.m */; };
		225041F81558AD200014FA5D /* microtome.h in Headers */ = {isa = PBXBuildFile; fileRef = 225041F71558AD200014FA5D /* microtome.h */; };
		226BAA41161F946900133173 /* RefPage.m in Sources */ = {isa = PBXBuildFile; fileRef = 226BAA40161F946900133173 /* RefPage.m */; };
		22E43A701559B847003A43B8 /* MTProp.m in Sources */ = {isa = PBXBuildFile; fileRef = 22E43A6E1559B847003A43B8 /* MTProp.m */; };
/* End PBXBuildFile section */

/* Begin PBXContainerItemProxy section */
		225041DE1558ACB50014FA5D /* PBXContainerItemProxy */ = {
			isa = PBXContainerItemProxy;
			containerPortal = 225041BF1558ACB50014FA5D /* Project object */;
			proxyType = 1;
			remoteGlobalIDString = 225041C71558ACB50014FA5D;
			remoteInfo = microtome;
		};
		2250421B1558B00B0014FA5D /* PBXContainerItemProxy */ = {
			isa = PBXContainerItemProxy;
			containerPortal = 225041FB1558ADBC0014FA5D /* cooocoa.xcodeproj */;
			proxyType = 2;
			remoteGlobalIDString = 229E27B11557473D001452E5;
			remoteInfo = cooocoa;
		};
		2250421D1558B00B0014FA5D /* PBXContainerItemProxy */ = {
			isa = PBXContainerItemProxy;
			containerPortal = 225041FB1558ADBC0014FA5D /* cooocoa.xcodeproj */;
			proxyType = 2;
			remoteGlobalIDString = 229E27C11557473D001452E5;
			remoteInfo = cooocoaTests;
		};
		22E43A7C1559B982003A43B8 /* PBXContainerItemProxy */ = {
			isa = PBXContainerItemProxy;
			containerPortal = 225041FB1558ADBC0014FA5D /* cooocoa.xcodeproj */;
			proxyType = 1;
			remoteGlobalIDString = 229E27B01557473D001452E5;
			remoteInfo = cooocoa;
		};
/* End PBXContainerItemProxy section */

/* Begin PBXFileReference section */
		22031CDA162E04780093E61E /* MTType.h */ = {isa = PBXFileReference; fileEncoding = 4; lastKnownFileType = sourcecode.c.h; path = MTType.h; sourceTree = "<group>"; };
		22031CDB162E04780093E61E /* MTType.m */ = {isa = PBXFileReference; fileEncoding = 4; lastKnownFileType = sourcecode.c.objc; path = MTType.m; sourceTree = "<group>"; };
		22031D42162F3ADA0093E61E /* MTValueHandler.h */ = {isa = PBXFileReference; fileEncoding = 4; lastKnownFileType = sourcecode.c.h; path = MTValueHandler.h; sourceTree = "<group>"; };
		22031D43162F3ADA0093E61E /* MTValueHandler.m */ = {isa = PBXFileReference; fileEncoding = 4; lastKnownFileType = sourcecode.c.objc; path = MTValueHandler.m; sourceTree = "<group>"; };
		22031D51162F60EA0093E61E /* MTXmlObjectMarshaller.m */ = {isa = PBXFileReference; fileEncoding = 4; lastKnownFileType = sourcecode.c.objc; path = MTXmlObjectMarshaller.m; sourceTree = "<group>"; };
		22031D53162F8AAD0093E61E /* MTLibraryItem.h */ = {isa = PBXFileReference; lastKnownFileType = sourcecode.c.h; path = MTLibraryItem.h; sourceTree = "<group>"; };
		22031D861630CB4E0093E61E /* MTValidationException.h */ = {isa = PBXFileReference; fileEncoding = 4; lastKnownFileType = sourcecode.c.h; path = MTValidationException.h; sourceTree = "<group>"; };
		22031D871630CB4F0093E61E /* MTValidationException.m */ = {isa = PBXFileReference; fileEncoding = 4; lastKnownFileType = sourcecode.c.objc; path = MTValidationException.m; sourceTree = "<group>"; };
		22031DC21631D8840093E61E /* MTMutablePage.h */ = {isa = PBXFileReference; fileEncoding = 4; lastKnownFileType = sourcecode.c.h; path = MTMutablePage.h; sourceTree = "<group>"; };
		22031DC31631D8850093E61E /* MTMutablePage.m */ = {isa = PBXFileReference; fileEncoding = 4; lastKnownFileType = sourcecode.c.objc; path = MTMutablePage.m; sourceTree = "<group>"; };
		22031DC61631D9920093E61E /* MTMutablePageRef.h */ = {isa = PBXFileReference; fileEncoding = 4; lastKnownFileType = sourcecode.c.h; path = MTMutablePageRef.h; sourceTree = "<group>"; };
		22031DC71631D9920093E61E /* MTMutablePageRef.m */ = {isa = PBXFileReference; fileEncoding = 4; lastKnownFileType = sourcecode.c.objc; path = MTMutablePageRef.m; sourceTree = "<group>"; };
		22031DCA1631D9ED0093E61E /* MTMutableTome.h */ = {isa = PBXFileReference; fileEncoding = 4; lastKnownFileType = sourcecode.c.h; path = MTMutableTome.h; sourceTree = "<group>"; };
		22031DCB1631D9EE0093E61E /* MTMutableTome.m */ = {isa = PBXFileReference; fileEncoding = 4; lastKnownFileType = sourcecode.c.objc; path = MTMutableTome.m; sourceTree = "<group>"; };
		221B2F42161CD0D1001B98AA /* MTPage.h */ = {isa = PBXFileReference; fileEncoding = 4; lastKnownFileType = sourcecode.c.h; path = MTPage.h; sourceTree = "<group>"; };
		221B2F4A161CD668001B98AA /* MTTome.h */ = {isa = PBXFileReference; fileEncoding = 4; lastKnownFileType = sourcecode.c.h; path = MTTome.h; sourceTree = "<group>"; };
		221B2F57161CDE60001B98AA /* MTLibrary.h */ = {isa = PBXFileReference; fileEncoding = 4; lastKnownFileType = sourcecode.c.h; path = MTLibrary.h; sourceTree = "<group>"; };
		221B2F58161CDE60001B98AA /* MTLibrary.m */ = {isa = PBXFileReference; fileEncoding = 4; lastKnownFileType = sourcecode.c.objc; path = MTLibrary.m; sourceTree = "<group>"; };
		221B2F79161CE727001B98AA /* MTLoadException.h */ = {isa = PBXFileReference; fileEncoding = 4; lastKnownFileType = sourcecode.c.h; path = MTLoadException.h; sourceTree = "<group>"; };
		221B2F7A161CE727001B98AA /* MTLoadException.m */ = {isa = PBXFileReference; fileEncoding = 4; lastKnownFileType = sourcecode.c.objc; path = MTLoadException.m; sourceTree = "<group>"; };
		221B2FBD161CFBDE001B98AA /* MTXmlLoader.h */ = {isa = PBXFileReference; fileEncoding = 4; lastKnownFileType = sourcecode.c.h; path = MTXmlLoader.h; sourceTree = "<group>"; };
		221B2FBE161CFBDE001B98AA /* MTXmlLoader.m */ = {isa = PBXFileReference; fileEncoding = 4; lastKnownFileType = sourcecode.c.objc; path = MTXmlLoader.m; sourceTree = "<group>"; };
		221B2FC2161CFE32001B98AA /* MTXmlObjectMarshaller.h */ = {isa = PBXFileReference; lastKnownFileType = sourcecode.c.h; path = MTXmlObjectMarshaller.h; sourceTree = "<group>"; };
		221B2FC3161D00A4001B98AA /* MTXmlLoadException.h */ = {isa = PBXFileReference; fileEncoding = 4; lastKnownFileType = sourcecode.c.h; path = MTXmlLoadException.h; sourceTree = "<group>"; };
		221B2FC4161D00A4001B98AA /* MTXmlLoadException.m */ = {isa = PBXFileReference; fileEncoding = 4; lastKnownFileType = sourcecode.c.objc; path = MTXmlLoadException.m; sourceTree = "<group>"; };
		221B2FCF161D0AE8001B98AA /* PrimitivePage.h */ = {isa = PBXFileReference; fileEncoding = 4; lastKnownFileType = sourcecode.c.h; path = PrimitivePage.h; sourceTree = "<group>"; };
		221B2FD0161D0AE8001B98AA /* PrimitivePage.m */ = {isa = PBXFileReference; fileEncoding = 4; lastKnownFileType = sourcecode.c.objc; path = PrimitivePage.m; sourceTree = "<group>"; };
		221B2FF7161E0CE5001B98AA /* MTPageRef.h */ = {isa = PBXFileReference; fileEncoding = 4; lastKnownFileType = sourcecode.c.h; path = MTPageRef.h; sourceTree = "<group>"; };
		221B303A161E585E001B98AA /* MTUtils.h */ = {isa = PBXFileReference; fileEncoding = 4; lastKnownFileType = sourcecode.c.h; path = MTUtils.h; sourceTree = "<group>"; };
		221B303B161E585F001B98AA /* MTUtils.m */ = {isa = PBXFileReference; fileEncoding = 4; lastKnownFileType = sourcecode.c.objc; path = MTUtils.m; sourceTree = "<group>"; };
		221B303E161E5B06001B98AA /* MTDefs.h */ = {isa = PBXFileReference; lastKnownFileType = sourcecode.c.h; path = MTDefs.h; sourceTree = "<group>"; };
		221B3043161E61F3001B98AA /* NestedPage.h */ = {isa = PBXFileReference; fileEncoding = 4; lastKnownFileType = sourcecode.c.h; path = NestedPage.h; sourceTree = "<group>"; };
		221B3044161E61F3001B98AA /* NestedPage.m */ = {isa = PBXFileReference; fileEncoding = 4; lastKnownFileType = sourcecode.c.objc; path = NestedPage.m; sourceTree = "<group>"; };
		225041C81558ACB50014FA5D /* libmicrotome.a */ = {isa = PBXFileReference; explicitFileType = archive.ar; includeInIndex = 0; path = libmicrotome.a; sourceTree = BUILT_PRODUCTS_DIR; };
		225041CB1558ACB50014FA5D /* Foundation.framework */ = {isa = PBXFileReference; lastKnownFileType = wrapper.framework; name = Foundation.framework; path = System/Library/Frameworks/Foundation.framework; sourceTree = SDKROOT; };
		225041D81558ACB50014FA5D /* microtomeTests.octest */ = {isa = PBXFileReference; explicitFileType = wrapper.cfbundle; includeInIndex = 0; path = microtomeTests.octest; sourceTree = BUILT_PRODUCTS_DIR; };
		225041D91558ACB50014FA5D /* SenTestingKit.framework */ = {isa = PBXFileReference; lastKnownFileType = wrapper.framework; name = SenTestingKit.framework; path = Library/Frameworks/SenTestingKit.framework; sourceTree = DEVELOPER_DIR; };
		225041DB1558ACB50014FA5D /* UIKit.framework */ = {isa = PBXFileReference; lastKnownFileType = wrapper.framework; name = UIKit.framework; path = Library/Frameworks/UIKit.framework; sourceTree = DEVELOPER_DIR; };
		225041E31558ACB50014FA5D /* microtomeTests-Info.plist */ = {isa = PBXFileReference; lastKnownFileType = text.plist.xml; path = "microtomeTests-Info.plist"; sourceTree = "<group>"; };
		225041E51558ACB50014FA5D /* en */ = {isa = PBXFileReference; lastKnownFileType = text.plist.strings; name = en; path = en.lproj/InfoPlist.strings; sourceTree = "<group>"; };
		225041E71558ACB50014FA5D /* microtomeTests.h */ = {isa = PBXFileReference; lastKnownFileType = sourcecode.c.h; path = microtomeTests.h; sourceTree = "<group>"; };
		225041E81558ACB50014FA5D /* microtomeTests.m */ = {isa = PBXFileReference; lastKnownFileType = sourcecode.c.objc; path = microtomeTests.m; sourceTree = "<group>"; };
		225041F71558AD200014FA5D /* microtome.h */ = {isa = PBXFileReference; fileEncoding = 4; lastKnownFileType = sourcecode.c.h; path = microtome.h; sourceTree = "<group>"; };
		225041FA1558AD740014FA5D /* microtome_Prefix.pch */ = {isa = PBXFileReference; lastKnownFileType = sourcecode.c.h; path = microtome_Prefix.pch; sourceTree = "<group>"; };
		225041FB1558ADBC0014FA5D /* cooocoa.xcodeproj */ = {isa = PBXFileReference; lastKnownFileType = "wrapper.pb-project"; name = cooocoa.xcodeproj; path = ../cooocoa.xcodeproj; sourceTree = COOOCOA_SRC; };
		225042451558B19F0014FA5D /* MTProp.h */ = {isa = PBXFileReference; fileEncoding = 4; lastKnownFileType = sourcecode.c.h; path = MTProp.h; sourceTree = "<group>"; };
		226BAA3F161F946900133173 /* RefPage.h */ = {isa = PBXFileReference; fileEncoding = 4; lastKnownFileType = sourcecode.c.h; path = RefPage.h; sourceTree = "<group>"; };
		226BAA40161F946900133173 /* RefPage.m */ = {isa = PBXFileReference; fileEncoding = 4; lastKnownFileType = sourcecode.c.objc; path = RefPage.m; sourceTree = "<group>"; };
		22E43A6E1559B847003A43B8 /* MTProp.m */ = {isa = PBXFileReference; fileEncoding = 4; lastKnownFileType = sourcecode.c.objc; path = MTProp.m; sourceTree = "<group>"; };
/* End PBXFileReference section */

/* Begin PBXFrameworksBuildPhase section */
		225041C51558ACB50014FA5D /* Frameworks */ = {
			isa = PBXFrameworksBuildPhase;
			buildActionMask = 2147483647;
			files = (
				225041CC1558ACB50014FA5D /* Foundation.framework in Frameworks */,
			);
			runOnlyForDeploymentPostprocessing = 0;
		};
		225041D41558ACB50014FA5D /* Frameworks */ = {
			isa = PBXFrameworksBuildPhase;
			buildActionMask = 2147483647;
			files = (
				22031DB31630D3DB0093E61E /* libcooocoa.a in Frameworks */,
				225041DA1558ACB50014FA5D /* SenTestingKit.framework in Frameworks */,
				225041DC1558ACB50014FA5D /* UIKit.framework in Frameworks */,
				225041DD1558ACB50014FA5D /* Foundation.framework in Frameworks */,
				225041E01558ACB50014FA5D /* libmicrotome.a in Frameworks */,
			);
			runOnlyForDeploymentPostprocessing = 0;
		};
/* End PBXFrameworksBuildPhase section */

/* Begin PBXGroup section */
		221B2FC1161CFBF4001B98AA /* XML */ = {
			isa = PBXGroup;
			children = (
				221B2FBD161CFBDE001B98AA /* MTXmlLoader.h */,
				221B2FBE161CFBDE001B98AA /* MTXmlLoader.m */,
				221B2FC3161D00A4001B98AA /* MTXmlLoadException.h */,
				221B2FC4161D00A4001B98AA /* MTXmlLoadException.m */,
				221B2FC2161CFE32001B98AA /* MTXmlObjectMarshaller.h */,
				22031D51162F60EA0093E61E /* MTXmlObjectMarshaller.m */,
			);
			name = XML;
			sourceTree = "<group>";
		};
		225041BD1558ACB50014FA5D = {
			isa = PBXGroup;
			children = (
				225041FB1558ADBC0014FA5D /* cooocoa.xcodeproj */,
				225041F61558ACFE0014FA5D /* Classes */,
				225041E11558ACB50014FA5D /* Tests */,
				225041F91558AD520014FA5D /* Supporting Files */,
				225041CA1558ACB50014FA5D /* Frameworks */,
				225041C91558ACB50014FA5D /* Products */,
			);
			sourceTree = "<group>";
		};
		225041C91558ACB50014FA5D /* Products */ = {
			isa = PBXGroup;
			children = (
				225041C81558ACB50014FA5D /* libmicrotome.a */,
				225041D81558ACB50014FA5D /* microtomeTests.octest */,
			);
			name = Products;
			sourceTree = "<group>";
		};
		225041CA1558ACB50014FA5D /* Frameworks */ = {
			isa = PBXGroup;
			children = (
				225041CB1558ACB50014FA5D /* Foundation.framework */,
				225041D91558ACB50014FA5D /* SenTestingKit.framework */,
				225041DB1558ACB50014FA5D /* UIKit.framework */,
			);
			name = Frameworks;
			sourceTree = "<group>";
		};
		225041E11558ACB50014FA5D /* Tests */ = {
			isa = PBXGroup;
			children = (
				225041E71558ACB50014FA5D /* microtomeTests.h */,
				225041E81558ACB50014FA5D /* microtomeTests.m */,
				221B3043161E61F3001B98AA /* NestedPage.h */,
				221B3044161E61F3001B98AA /* NestedPage.m */,
				221B2FCF161D0AE8001B98AA /* PrimitivePage.h */,
				221B2FD0161D0AE8001B98AA /* PrimitivePage.m */,
				226BAA3F161F946900133173 /* RefPage.h */,
				226BAA40161F946900133173 /* RefPage.m */,
				225041E21558ACB50014FA5D /* Supporting Files */,
			);
			path = Tests;
			sourceTree = "<group>";
		};
		225041E21558ACB50014FA5D /* Supporting Files */ = {
			isa = PBXGroup;
			children = (
				225041E31558ACB50014FA5D /* microtomeTests-Info.plist */,
				225041E41558ACB50014FA5D /* InfoPlist.strings */,
			);
			name = "Supporting Files";
			sourceTree = "<group>";
		};
		225041F61558ACFE0014FA5D /* Classes */ = {
			isa = PBXGroup;
			children = (
				221B2FC1161CFBF4001B98AA /* XML */,
				225041F71558AD200014FA5D /* microtome.h */,
				221B303E161E5B06001B98AA /* MTDefs.h */,
				221B2F57161CDE60001B98AA /* MTLibrary.h */,
				221B2F58161CDE60001B98AA /* MTLibrary.m */,
				22031D53162F8AAD0093E61E /* MTLibraryItem.h */,
				221B2F79161CE727001B98AA /* MTLoadException.h */,
				221B2F7A161CE727001B98AA /* MTLoadException.m */,
				22031DC21631D8840093E61E /* MTMutablePage.h */,
				22031DC31631D8850093E61E /* MTMutablePage.m */,
				22031DC61631D9920093E61E /* MTMutablePageRef.h */,
				22031DC71631D9920093E61E /* MTMutablePageRef.m */,
				22031DCA1631D9ED0093E61E /* MTMutableTome.h */,
				22031DCB1631D9EE0093E61E /* MTMutableTome.m */,
				221B2F42161CD0D1001B98AA /* MTPage.h */,
				221B2FF7161E0CE5001B98AA /* MTPageRef.h */,
				225042451558B19F0014FA5D /* MTProp.h */,
				22E43A6E1559B847003A43B8 /* MTProp.m */,
				221B2F4A161CD668001B98AA /* MTTome.h */,
				22031CDA162E04780093E61E /* MTType.h */,
				22031CDB162E04780093E61E /* MTType.m */,
				221B303A161E585E001B98AA /* MTUtils.h */,
				221B303B161E585F001B98AA /* MTUtils.m */,
				22031D861630CB4E0093E61E /* MTValidationException.h */,
				22031D871630CB4F0093E61E /* MTValidationException.m */,
				22031D42162F3ADA0093E61E /* MTValueHandler.h */,
				22031D43162F3ADA0093E61E /* MTValueHandler.m */,
			);
			path = Classes;
			sourceTree = "<group>";
		};
		225041F91558AD520014FA5D /* Supporting Files */ = {
			isa = PBXGroup;
			children = (
				225041FA1558AD740014FA5D /* microtome_Prefix.pch */,
			);
			name = "Supporting Files";
			sourceTree = "<group>";
		};
		225042171558B00B0014FA5D /* Products */ = {
			isa = PBXGroup;
			children = (
				2250421C1558B00B0014FA5D /* libcooocoa.a */,
				2250421E1558B00B0014FA5D /* cooocoaTests.octest */,
			);
			name = Products;
			sourceTree = "<group>";
		};
/* End PBXGroup section */

/* Begin PBXHeadersBuildPhase section */
		225041C61558ACB50014FA5D /* Headers */ = {
			isa = PBXHeadersBuildPhase;
			buildActionMask = 2147483647;
			files = (
				225041F81558AD200014FA5D /* microtome.h in Headers */,
				221B2F44161CD0D1001B98AA /* MTPage.h in Headers */,
				221B2F4C161CD668001B98AA /* MTTome.h in Headers */,
				221B2F59161CDE60001B98AA /* MTLibrary.h in Headers */,
				221B2F7B161CE728001B98AA /* MTLoadException.h in Headers */,
				221B2FBF161CFBDE001B98AA /* MTXmlLoader.h in Headers */,
				221B2FC5161D00A4001B98AA /* MTXmlLoadException.h in Headers */,
				221B2FF9161E0CE6001B98AA /* MTPageRef.h in Headers */,
				221B303C161E5860001B98AA /* MTUtils.h in Headers */,
				22031CDC162E04780093E61E /* MTType.h in Headers */,
				22031D44162F3ADA0093E61E /* MTValueHandler.h in Headers */,
				22031D881630CB500093E61E /* MTValidationException.h in Headers */,
				22031DC41631D8850093E61E /* MTMutablePage.h in Headers */,
				22031DC81631D9930093E61E /* MTMutablePageRef.h in Headers */,
				22031DCC1631D9EE0093E61E /* MTMutableTome.h in Headers */,
			);
			runOnlyForDeploymentPostprocessing = 0;
		};
/* End PBXHeadersBuildPhase section */

/* Begin PBXNativeTarget section */
		225041C71558ACB50014FA5D /* microtome */ = {
			isa = PBXNativeTarget;
			buildConfigurationList = 225041EC1558ACB50014FA5D /* Build configuration list for PBXNativeTarget "microtome" */;
			buildPhases = (
				225041C41558ACB50014FA5D /* Sources */,
				225041C51558ACB50014FA5D /* Frameworks */,
				225041C61558ACB50014FA5D /* Headers */,
			);
			buildRules = (
			);
			dependencies = (
				22E43A7D1559B982003A43B8 /* PBXTargetDependency */,
			);
			name = microtome;
			productName = microtome;
			productReference = 225041C81558ACB50014FA5D /* libmicrotome.a */;
			productType = "com.apple.product-type.library.static";
		};
		225041D71558ACB50014FA5D /* microtomeTests */ = {
			isa = PBXNativeTarget;
			buildConfigurationList = 225041EF1558ACB50014FA5D /* Build configuration list for PBXNativeTarget "microtomeTests" */;
			buildPhases = (
				225041D31558ACB50014FA5D /* Sources */,
				225041D41558ACB50014FA5D /* Frameworks */,
				225041D51558ACB50014FA5D /* Resources */,
				225041D61558ACB50014FA5D /* ShellScript */,
			);
			buildRules = (
			);
			dependencies = (
				225041DF1558ACB50014FA5D /* PBXTargetDependency */,
			);
			name = microtomeTests;
			productName = microtomeTests;
			productReference = 225041D81558ACB50014FA5D /* microtomeTests.octest */;
			productType = "com.apple.product-type.bundle";
		};
/* End PBXNativeTarget section */

/* Begin PBXProject section */
		225041BF1558ACB50014FA5D /* Project object */ = {
			isa = PBXProject;
			attributes = {
				CLASSPREFIX = MT;
				LastUpgradeCheck = 0430;
				ORGANIZATIONNAME = "Three Rings Design";
			};
			buildConfigurationList = 225041C21558ACB50014FA5D /* Build configuration list for PBXProject "microtome" */;
			compatibilityVersion = "Xcode 3.2";
			developmentRegion = English;
			hasScannedForEncodings = 0;
			knownRegions = (
				en,
			);
			mainGroup = 225041BD1558ACB50014FA5D;
			productRefGroup = 225041C91558ACB50014FA5D /* Products */;
			projectDirPath = "";
			projectReferences = (
				{
					ProductGroup = 225042171558B00B0014FA5D /* Products */;
					ProjectRef = 225041FB1558ADBC0014FA5D /* cooocoa.xcodeproj */;
				},
			);
			projectRoot = "";
			targets = (
				225041C71558ACB50014FA5D /* microtome */,
				225041D71558ACB50014FA5D /* microtomeTests */,
			);
		};
/* End PBXProject section */

/* Begin PBXReferenceProxy section */
		2250421C1558B00B0014FA5D /* libcooocoa.a */ = {
			isa = PBXReferenceProxy;
			fileType = archive.ar;
			path = libcooocoa.a;
			remoteRef = 2250421B1558B00B0014FA5D /* PBXContainerItemProxy */;
			sourceTree = BUILT_PRODUCTS_DIR;
		};
		2250421E1558B00B0014FA5D /* cooocoaTests.octest */ = {
			isa = PBXReferenceProxy;
			fileType = wrapper.cfbundle;
			path = cooocoaTests.octest;
			remoteRef = 2250421D1558B00B0014FA5D /* PBXContainerItemProxy */;
			sourceTree = BUILT_PRODUCTS_DIR;
		};
/* End PBXReferenceProxy section */

/* Begin PBXResourcesBuildPhase section */
		225041D51558ACB50014FA5D /* Resources */ = {
			isa = PBXResourcesBuildPhase;
			buildActionMask = 2147483647;
			files = (
				225041E61558ACB50014FA5D /* InfoPlist.strings in Resources */,
			);
			runOnlyForDeploymentPostprocessing = 0;
		};
/* End PBXResourcesBuildPhase section */

/* Begin PBXShellScriptBuildPhase section */
		225041D61558ACB50014FA5D /* ShellScript */ = {
			isa = PBXShellScriptBuildPhase;
			buildActionMask = 2147483647;
			files = (
			);
			inputPaths = (
			);
			outputPaths = (
			);
			runOnlyForDeploymentPostprocessing = 0;
			shellPath = /bin/sh;
			shellScript = "# Run the unit tests in this test bundle.\n\"${SYSTEM_DEVELOPER_DIR}/Tools/RunUnitTests\"\n";
		};
/* End PBXShellScriptBuildPhase section */

/* Begin PBXSourcesBuildPhase section */
		225041C41558ACB50014FA5D /* Sources */ = {
			isa = PBXSourcesBuildPhase;
			buildActionMask = 2147483647;
			files = (
				22E43A701559B847003A43B8 /* MTProp.m in Sources */,
				221B2F5A161CDE60001B98AA /* MTLibrary.m in Sources */,
				221B2F7C161CE728001B98AA /* MTLoadException.m in Sources */,
				221B2FC0161CFBDE001B98AA /* MTXmlLoader.m in Sources */,
				221B2FC6161D00A4001B98AA /* MTXmlLoadException.m in Sources */,
				221B303D161E5860001B98AA /* MTUtils.m in Sources */,
				22031CDD162E04780093E61E /* MTType.m in Sources */,
				22031D45162F3ADA0093E61E /* MTValueHandler.m in Sources */,
				22031D52162F60EB0093E61E /* MTXmlObjectMarshaller.m in Sources */,
				22031D891630CB500093E61E /* MTValidationException.m in Sources */,
				22031DC51631D8850093E61E /* MTMutablePage.m in Sources */,
				22031DC91631D9930093E61E /* MTMutablePageRef.m in Sources */,
				22031DCD1631D9EE0093E61E /* MTMutableTome.m in Sources */,
			);
			runOnlyForDeploymentPostprocessing = 0;
		};
		225041D31558ACB50014FA5D /* Sources */ = {
			isa = PBXSourcesBuildPhase;
			buildActionMask = 2147483647;
			files = (
				225041E91558ACB50014FA5D /* microtomeTests.m in Sources */,
				221B2FD1161D0AE8001B98AA /* PrimitivePage.m in Sources */,
				221B3045161E61F3001B98AA /* NestedPage.m in Sources */,
				226BAA41161F946900133173 /* RefPage.m in Sources */,
			);
			runOnlyForDeploymentPostprocessing = 0;
		};
/* End PBXSourcesBuildPhase section */

/* Begin PBXTargetDependency section */
		225041DF1558ACB50014FA5D /* PBXTargetDependency */ = {
			isa = PBXTargetDependency;
			target = 225041C71558ACB50014FA5D /* microtome */;
			targetProxy = 225041DE1558ACB50014FA5D /* PBXContainerItemProxy */;
		};
		22E43A7D1559B982003A43B8 /* PBXTargetDependency */ = {
			isa = PBXTargetDependency;
			name = cooocoa;
			targetProxy = 22E43A7C1559B982003A43B8 /* PBXContainerItemProxy */;
		};
/* End PBXTargetDependency section */

/* Begin PBXVariantGroup section */
		225041E41558ACB50014FA5D /* InfoPlist.strings */ = {
			isa = PBXVariantGroup;
			children = (
				225041E51558ACB50014FA5D /* en */,
			);
			name = InfoPlist.strings;
			sourceTree = "<group>";
		};
/* End PBXVariantGroup section */

/* Begin XCBuildConfiguration section */
		225041EA1558ACB50014FA5D /* Debug */ = {
			isa = XCBuildConfiguration;
			buildSettings = {
				ALWAYS_SEARCH_USER_PATHS = NO;
				ARCHS = "$(ARCHS_STANDARD_32_BIT)";
				CLANG_ENABLE_OBJC_ARC = YES;
				COPY_PHASE_STRIP = NO;
				GCC_C_LANGUAGE_STANDARD = gnu99;
				GCC_DYNAMIC_NO_PIC = NO;
				GCC_OPTIMIZATION_LEVEL = 0;
				GCC_PREFIX_HEADER = microtome_Prefix.pch;
				GCC_PREPROCESSOR_DEFINITIONS = (
					"DEBUG=1",
					"$(inherited)",
				);
				GCC_SYMBOLS_PRIVATE_EXTERN = NO;
				GCC_VERSION = com.apple.compilers.llvm.clang.1_0;
				GCC_WARN_ABOUT_RETURN_TYPE = YES;
				GCC_WARN_UNINITIALIZED_AUTOS = YES;
				GCC_WARN_UNUSED_VARIABLE = YES;
				HEADER_SEARCH_PATHS = /usr/include/libxml2;
				IPHONEOS_DEPLOYMENT_TARGET = 5.0;
				OTHER_LDFLAGS = (
					"-lxml2",
					"-all_load",
					"-ObjC",
				);
				SDKROOT = iphoneos;
				USER_HEADER_SEARCH_PATHS = "${COOOCOA_SRC}/**";
			};
			name = Debug;
		};
		225041EB1558ACB50014FA5D /* Release */ = {
			isa = XCBuildConfiguration;
			buildSettings = {
				ALWAYS_SEARCH_USER_PATHS = NO;
				ARCHS = "$(ARCHS_STANDARD_32_BIT)";
				CLANG_ENABLE_OBJC_ARC = YES;
				COPY_PHASE_STRIP = YES;
				GCC_C_LANGUAGE_STANDARD = gnu99;
				GCC_PREFIX_HEADER = microtome_Prefix.pch;
				GCC_VERSION = com.apple.compilers.llvm.clang.1_0;
				GCC_WARN_ABOUT_RETURN_TYPE = YES;
				GCC_WARN_UNINITIALIZED_AUTOS = YES;
				GCC_WARN_UNUSED_VARIABLE = YES;
				HEADER_SEARCH_PATHS = /usr/include/libxml2;
				IPHONEOS_DEPLOYMENT_TARGET = 5.0;
				OTHER_LDFLAGS = (
					"-lxml2",
					"-all_load",
					"-ObjC",
				);
				SDKROOT = iphoneos;
				USER_HEADER_SEARCH_PATHS = "${COOOCOA_SRC}/**";
				VALIDATE_PRODUCT = YES;
			};
			name = Release;
		};
		225041ED1558ACB50014FA5D /* Debug */ = {
			isa = XCBuildConfiguration;
			buildSettings = {
				DSTROOT = /tmp/microtome.dst;
				GCC_PRECOMPILE_PREFIX_HEADER = YES;
				GCC_PREFIX_HEADER = microtome_Prefix.pch;
				OTHER_LDFLAGS = "-ObjC";
				PRODUCT_NAME = "$(TARGET_NAME)";
				SKIP_INSTALL = YES;
			};
			name = Debug;
		};
		225041EE1558ACB50014FA5D /* Release */ = {
			isa = XCBuildConfiguration;
			buildSettings = {
				DSTROOT = /tmp/microtome.dst;
				GCC_PRECOMPILE_PREFIX_HEADER = YES;
				GCC_PREFIX_HEADER = microtome_Prefix.pch;
				OTHER_LDFLAGS = "-ObjC";
				PRODUCT_NAME = "$(TARGET_NAME)";
				SKIP_INSTALL = YES;
			};
			name = Release;
		};
		225041F01558ACB50014FA5D /* Debug */ = {
			isa = XCBuildConfiguration;
			buildSettings = {
				FRAMEWORK_SEARCH_PATHS = (
					"$(SDKROOT)/Developer/Library/Frameworks",
					"$(DEVELOPER_LIBRARY_DIR)/Frameworks",
				);
				GCC_PRECOMPILE_PREFIX_HEADER = YES;
				GCC_PREFIX_HEADER = microtome_Prefix.pch;
				INFOPLIST_FILE = "Tests/microtomeTests-Info.plist";
				PRODUCT_NAME = "$(TARGET_NAME)";
				WRAPPER_EXTENSION = octest;
			};
			name = Debug;
		};
		225041F11558ACB50014FA5D /* Release */ = {
			isa = XCBuildConfiguration;
			buildSettings = {
				FRAMEWORK_SEARCH_PATHS = (
					"$(SDKROOT)/Developer/Library/Frameworks",
					"$(DEVELOPER_LIBRARY_DIR)/Frameworks",
				);
				GCC_PRECOMPILE_PREFIX_HEADER = YES;
				GCC_PREFIX_HEADER = microtome_Prefix.pch;
				INFOPLIST_FILE = "Tests/microtomeTests-Info.plist";
				PRODUCT_NAME = "$(TARGET_NAME)";
				WRAPPER_EXTENSION = octest;
			};
			name = Release;
		};
/* End XCBuildConfiguration section */

/* Begin XCConfigurationList section */
		225041C21558ACB50014FA5D /* Build configuration list for PBXProject "microtome" */ = {
			isa = XCConfigurationList;
			buildConfigurations = (
				225041EA1558ACB50014FA5D /* Debug */,
				225041EB1558ACB50014FA5D /* Release */,
			);
			defaultConfigurationIsVisible = 0;
			defaultConfigurationName = Release;
		};
		225041EC1558ACB50014FA5D /* Build configuration list for PBXNativeTarget "microtome" */ = {
			isa = XCConfigurationList;
			buildConfigurations = (
				225041ED1558ACB50014FA5D /* Debug */,
				225041EE1558ACB50014FA5D /* Release */,
			);
			defaultConfigurationIsVisible = 0;
			defaultConfigurationName = Release;
		};
		225041EF1558ACB50014FA5D /* Build configuration list for PBXNativeTarget "microtomeTests" */ = {
			isa = XCConfigurationList;
			buildConfigurations = (
				225041F01558ACB50014FA5D /* Debug */,
				225041F11558ACB50014FA5D /* Release */,
			);
			defaultConfigurationIsVisible = 0;
			defaultConfigurationName = Release;
		};
/* End XCConfigurationList section */
	};
	rootObject = 225041BF1558ACB50014FA5D /* Project object */;
}
